{
  "version": 4,
  "terraform_version": "1.13.3",
  "serial": 285,
  "lineage": "850fa5d6-5ced-b692-e44c-f8b759f3078a",
  "outputs": {
    "ec2_public_ip": {
      "value": "13.53.98.159",
      "type": "string"
    },
    "rds_endpoint": {
      "value": "golfbeta-pg.czc2800iw6bg.eu-north-1.rds.amazonaws.com",
      "type": "string"
    },
    "rds_port": {
      "value": 5432,
      "type": "number"
    },
    "ssm_db_password": {
      "value": "/golfbeta/db/password",
      "type": "string"
    },
    "video_bucket_name": {
      "value": "golfbeta-eu-north-1-videos-39695a",
      "type": "string"
    },
    "video_cdn_domain_name": {
      "value": "dzu3boydtmdfj.cloudfront.net",
      "type": "string"
    },
    "video_cdn_key_pair_id_parameter_name": {
      "value": "/golfbeta/cloudfront/key_pair_id",
      "type": "string"
    },
    "video_cdn_private_key_parameter_name": {
      "value": "/golfbeta/cloudfront/private_key_b64",
      "type": "string"
    }
  },
  "resources": [
    {
      "mode": "data",
      "type": "aws_availability_zones",
      "name": "azs",
      "provider": "provider[\"registry.terraform.io/hashicorp/aws\"]",
      "instances": [
        {
          "schema_version": 0,
          "attributes": {
            "all_availability_zones": null,
            "exclude_names": null,
            "exclude_zone_ids": null,
            "filter": null,
            "group_names": [
              "eu-north-1-zg-1"
            ],
            "id": "eu-north-1",
            "names": [
              "eu-north-1a",
              "eu-north-1b",
              "eu-north-1c"
            ],
            "state": "available",
            "timeouts": null,
            "zone_ids": [
              "eun1-az1",
              "eun1-az2",
              "eun1-az3"
            ]
          },
          "sensitive_attributes": [],
          "identity_schema_version": 0
        }
      ]
    },
    {
      "mode": "data",
      "type": "aws_caller_identity",
      "name": "me",
      "provider": "provider[\"registry.terraform.io/hashicorp/aws\"]",
      "instances": [
        {
          "schema_version": 0,
          "attributes": {
            "account_id": "909200563752",
            "arn": "arn:aws:sts::909200563752:assumed-role/AWSReservedSSO_Admin-Bootstrap_1e0f4f545886c03e/tobycc23",
            "id": "909200563752",
            "user_id": "AROA5HMETTYUKG6V4N6HM:tobycc23"
          },
          "sensitive_attributes": [],
          "identity_schema_version": 0
        }
      ]
    },
    {
      "mode": "managed",
      "type": "aws_cloudfront_distribution",
      "name": "videos",
      "provider": "provider[\"registry.terraform.io/hashicorp/aws\"]",
      "instances": [
        {
          "schema_version": 1,
          "attributes": {
            "aliases": [],
            "arn": "arn:aws:cloudfront::909200563752:distribution/E211XAM59PHT3X",
            "caller_reference": "terraform-20251103094524350600000001",
            "comment": "golfbeta videos CDN",
            "continuous_deployment_policy_id": "",
            "custom_error_response": [],
            "default_cache_behavior": [
              {
                "allowed_methods": [
                  "GET",
                  "HEAD"
                ],
                "cache_policy_id": "",
                "cached_methods": [
                  "GET",
                  "HEAD"
                ],
                "compress": true,
                "default_ttl": 300,
                "field_level_encryption_id": "",
                "forwarded_values": [
                  {
                    "cookies": [
                      {
                        "forward": "none",
                        "whitelisted_names": []
                      }
                    ],
                    "headers": [],
                    "query_string": true,
                    "query_string_cache_keys": []
                  }
                ],
                "function_association": [],
                "grpc_config": [
                  {
                    "enabled": false
                  }
                ],
                "lambda_function_association": [],
                "max_ttl": 86400,
                "min_ttl": 0,
                "origin_request_policy_id": "",
                "realtime_log_config_arn": "",
                "response_headers_policy_id": "",
                "smooth_streaming": false,
                "target_origin_id": "videos-s3-origin",
                "trusted_key_groups": [
                  "f780cf50-393e-450d-ba6f-cbddd6a189df"
                ],
                "trusted_signers": [],
                "viewer_protocol_policy": "redirect-to-https"
              }
            ],
            "default_root_object": "",
            "domain_name": "dzu3boydtmdfj.cloudfront.net",
            "enabled": true,
            "etag": "EF1T544147606",
            "hosted_zone_id": "Z2FDTNDATAQYW2",
            "http_version": "http2",
            "id": "E211XAM59PHT3X",
            "in_progress_validation_batches": 0,
            "is_ipv6_enabled": true,
            "last_modified_time": "2025-11-04 10:14:55.61 +0000 UTC",
            "logging_config": [
              {
                "bucket": "golfbeta-cf-logs-39695a.s3.amazonaws.com",
                "include_cookies": false,
                "prefix": "cloudfront/"
              }
            ],
            "ordered_cache_behavior": [],
            "origin": [
              {
                "connection_attempts": 3,
                "connection_timeout": 10,
                "custom_header": [],
                "custom_origin_config": [],
                "domain_name": "golfbeta-eu-north-1-videos-39695a.s3.eu-north-1.amazonaws.com",
                "origin_access_control_id": "E38SOS80ZCM0CT",
                "origin_id": "videos-s3-origin",
                "origin_path": "",
                "origin_shield": [],
                "s3_origin_config": [],
                "vpc_origin_config": []
              }
            ],
            "origin_group": [],
            "price_class": "PriceClass_100",
            "restrictions": [
              {
                "geo_restriction": [
                  {
                    "locations": [],
                    "restriction_type": "none"
                  }
                ]
              }
            ],
            "retain_on_delete": false,
            "staging": false,
            "status": "Deployed",
            "tags": {
              "Project": "golfbeta",
              "budget-protect": "true"
            },
            "tags_all": {
              "Project": "golfbeta",
              "budget-protect": "true"
            },
            "trusted_key_groups": [
              {
                "enabled": true,
                "items": [
                  {
                    "key_group_id": "f780cf50-393e-450d-ba6f-cbddd6a189df",
                    "key_pair_ids": [
                      "K1ML5EEF5BB3FU"
                    ]
                  }
                ]
              }
            ],
            "trusted_signers": [
              {
                "enabled": false,
                "items": []
              }
            ],
            "viewer_certificate": [
              {
                "acm_certificate_arn": "",
                "cloudfront_default_certificate": true,
                "iam_certificate_id": "",
                "minimum_protocol_version": "TLSv1",
                "ssl_support_method": ""
              }
            ],
            "wait_for_deployment": true,
            "web_acl_id": ""
          },
          "sensitive_attributes": [],
          "identity_schema_version": 0,
          "private": "eyJzY2hlbWFfdmVyc2lvbiI6IjEifQ==",
          "dependencies": [
            "aws_cloudfront_key_group.videos",
            "aws_cloudfront_origin_access_control.videos",
            "aws_cloudfront_public_key.videos",
            "aws_s3_bucket.cloudfront_logs",
            "aws_s3_bucket.videos",
            "random_id.videos_suffix",
            "tls_private_key.videos_signing"
          ]
        }
      ]
    },
    {
      "mode": "managed",
      "type": "aws_cloudfront_key_group",
      "name": "videos",
      "provider": "provider[\"registry.terraform.io/hashicorp/aws\"]",
      "instances": [
        {
          "schema_version": 0,
          "attributes": {
            "comment": "Trusted key group for golfbeta videos distribution",
            "etag": "E23ZP02F085DFQ",
            "id": "f780cf50-393e-450d-ba6f-cbddd6a189df",
            "items": [
              "K1ML5EEF5BB3FU"
            ],
            "name": "golfbeta-videos-key-group"
          },
          "sensitive_attributes": [],
          "identity_schema_version": 0,
          "private": "bnVsbA==",
          "dependencies": [
            "aws_cloudfront_public_key.videos",
            "tls_private_key.videos_signing"
          ]
        }
      ]
    },
    {
      "mode": "managed",
      "type": "aws_cloudfront_origin_access_control",
      "name": "videos",
      "provider": "provider[\"registry.terraform.io/hashicorp/aws\"]",
      "instances": [
        {
          "schema_version": 0,
          "attributes": {
            "arn": "arn:aws:cloudfront::909200563752:origin-access-control/E38SOS80ZCM0CT",
            "description": "Origin access control for golfbeta videos bucket",
            "etag": "ETVPDKIKX0DER",
            "id": "E38SOS80ZCM0CT",
            "name": "golfbeta-videos-oac",
            "origin_access_control_origin_type": "s3",
            "signing_behavior": "always",
            "signing_protocol": "sigv4"
          },
          "sensitive_attributes": [],
          "identity_schema_version": 0,
          "private": "bnVsbA=="
        }
      ]
    },
    {
      "mode": "managed",
      "type": "aws_cloudfront_public_key",
      "name": "videos",
      "provider": "provider[\"registry.terraform.io/hashicorp/aws\"]",
      "instances": [
        {
          "schema_version": 0,
          "attributes": {
            "caller_reference": "terraform-20251103110312742300000001",
            "comment": "Signing key for golfbeta videos distribution",
            "encoded_key": "-----BEGIN PUBLIC KEY-----\nMIIBIjANBgkqhkiG9w0BAQEFAAOCAQ8AMIIBCgKCAQEAujqdvcHe93pBvifCSYNd\n1b59tZVyDfPchX41+4TNghfEbOe3CfEeZlimgd3Z8RnQRUxYsR4UvRsVKU4o5T4a\nXeIN6KThiNXsTKeMzxxluhatimyQrZ8IZl4W9EFN5M+xjMZggYALLP63xGmyUnf1\nLnLDC7/YdQPl3n/nUcaAGuM1xVFIqr2wx4oP+EoIaq27aYbLNMohqaj19Lx4vrgH\nkXgPG1vJfUwGxGNA4M0LGbwKyqHkKj4fIye6GMPEBDbDhQ9iC1EOg5LQWEsk6urZ\n2tsf8BM/ah/neXahUVC1eGykwH5wH2yjDIsUpwclISW0T2ptTVZmpwsW9bfHJTHI\nwwIDAQAB\n-----END PUBLIC KEY-----\n",
            "etag": "E23ZP02F085DFQ",
            "id": "K1ML5EEF5BB3FU",
            "name": "golfbeta-videos-public-key",
            "name_prefix": ""
          },
          "sensitive_attributes": [],
          "identity_schema_version": 0,
          "private": "bnVsbA==",
          "dependencies": [
            "tls_private_key.videos_signing"
          ]
        }
      ]
    },
    {
      "mode": "managed",
      "type": "aws_cloudwatch_dashboard",
      "name": "video_cdn",
      "provider": "provider[\"registry.terraform.io/hashicorp/aws\"]",
      "instances": [
        {
          "schema_version": 0,
          "attributes": {
            "dashboard_arn": "arn:aws:cloudwatch::909200563752:dashboard/golfbeta-video-cdn",
            "dashboard_body": "{\"widgets\":[{\"height\":6,\"properties\":{\"metrics\":[[\"AWS/CloudFront\",\"Requests\",\"DistributionId\",\"E211XAM59PHT3X\",\"Region\",\"Global\",\"ResultType\",\"Miss\"],[\"...\",\"Requests\",\"DistributionId\",\"E211XAM59PHT3X\",\"Region\",\"Global\",\"ResultType\",\"Hit\"],[\"...\",\"Requests\",\"DistributionId\",\"E211XAM59PHT3X\",\"Region\",\"Global\",\"ResultType\",\"RefreshHit\"]],\"period\":300,\"region\":\"us-east-1\",\"stacked\":false,\"title\":\"Requests by Result Type\",\"view\":\"timeSeries\",\"yAxis\":{\"left\":{\"label\":\"Requests\"}}},\"type\":\"metric\",\"width\":12,\"x\":0,\"y\":0},{\"height\":6,\"properties\":{\"metrics\":[[\"AWS/CloudFront\",\"BytesDownloaded\",\"DistributionId\",\"E211XAM59PHT3X\",\"Region\",\"Global\",\"ResultType\",\"Miss\"],[\"...\",\"BytesDownloaded\",\"DistributionId\",\"E211XAM59PHT3X\",\"Region\",\"Global\",\"ResultType\",\"Hit\"],[\"...\",\"BytesDownloaded\",\"DistributionId\",\"E211XAM59PHT3X\",\"Region\",\"Global\",\"ResultType\",\"RefreshHit\"]],\"period\":300,\"region\":\"us-east-1\",\"stacked\":false,\"title\":\"Bytes Downloaded by Result Type\",\"view\":\"timeSeries\",\"yAxis\":{\"left\":{\"label\":\"Bytes\"}}},\"type\":\"metric\",\"width\":12,\"x\":12,\"y\":0},{\"height\":6,\"properties\":{\"metrics\":[[\"AWS/CloudFront\",\"CacheHitRate\",\"DistributionId\",\"E211XAM59PHT3X\",\"Region\",\"Global\"]],\"period\":300,\"region\":\"us-east-1\",\"stacked\":false,\"title\":\"Cache Hit Rate\",\"view\":\"timeSeries\",\"yAxis\":{\"left\":{\"label\":\"Percent\",\"max\":100,\"min\":0}}},\"type\":\"metric\",\"width\":24,\"x\":0,\"y\":6}]}",
            "dashboard_name": "golfbeta-video-cdn",
            "id": "golfbeta-video-cdn"
          },
          "sensitive_attributes": [],
          "identity_schema_version": 0,
          "private": "bnVsbA==",
          "dependencies": [
            "aws_cloudfront_distribution.videos",
            "aws_cloudfront_key_group.videos",
            "aws_cloudfront_origin_access_control.videos",
            "aws_cloudfront_public_key.videos",
            "aws_s3_bucket.cloudfront_logs",
            "aws_s3_bucket.videos",
            "random_id.videos_suffix",
            "tls_private_key.videos_signing"
          ]
        }
      ]
    },
    {
      "mode": "managed",
      "type": "aws_db_instance",
      "name": "pg",
      "provider": "provider[\"registry.terraform.io/hashicorp/aws\"]",
      "instances": [
        {
          "schema_version": 2,
          "attributes": {
            "address": "golfbeta-pg.czc2800iw6bg.eu-north-1.rds.amazonaws.com",
            "allocated_storage": 20,
            "allow_major_version_upgrade": null,
            "apply_immediately": false,
            "arn": "arn:aws:rds:eu-north-1:909200563752:db:golfbeta-pg",
            "auto_minor_version_upgrade": true,
            "availability_zone": "eu-north-1b",
            "backup_retention_period": 7,
            "backup_target": "region",
            "backup_window": "02:38-03:08",
            "blue_green_update": [],
            "ca_cert_identifier": "rds-ca-rsa2048-g1",
            "character_set_name": "",
            "copy_tags_to_snapshot": false,
            "custom_iam_instance_profile": "",
            "customer_owned_ip_enabled": false,
            "database_insights_mode": "standard",
            "db_name": "appdb",
            "db_subnet_group_name": "golfbeta-db-subnets",
            "dedicated_log_volume": false,
            "delete_automated_backups": true,
            "deletion_protection": false,
            "domain": "",
            "domain_auth_secret_arn": "",
            "domain_dns_ips": [],
            "domain_fqdn": "",
            "domain_iam_role_name": "",
            "domain_ou": "",
            "enabled_cloudwatch_logs_exports": [],
            "endpoint": "golfbeta-pg.czc2800iw6bg.eu-north-1.rds.amazonaws.com:5432",
            "engine": "postgres",
            "engine_lifecycle_support": "open-source-rds-extended-support",
            "engine_version": "16.8",
            "engine_version_actual": "16.8",
            "final_snapshot_identifier": null,
            "hosted_zone_id": "Z3MPDEQW7KHUGY",
            "iam_database_authentication_enabled": false,
            "id": "db-CT7PMZ7ADW3XZP3ZFBTTELQDEU",
            "identifier": "golfbeta-pg",
            "identifier_prefix": "",
            "instance_class": "db.t4g.micro",
            "iops": 0,
            "kms_key_id": "",
            "latest_restorable_time": "2025-11-04T11:39:35Z",
            "license_model": "postgresql-license",
            "listener_endpoint": [],
            "maintenance_window": "wed:01:38-wed:02:08",
            "manage_master_user_password": null,
            "master_user_secret": [],
            "master_user_secret_kms_key_id": null,
            "max_allocated_storage": 0,
            "monitoring_interval": 0,
            "monitoring_role_arn": "",
            "multi_az": false,
            "nchar_character_set_name": "",
            "network_type": "IPV4",
            "option_group_name": "default:postgres-16",
            "parameter_group_name": "default.postgres16",
            "password": "postgres-testing1234",
            "password_wo": null,
            "password_wo_version": null,
            "performance_insights_enabled": false,
            "performance_insights_kms_key_id": "",
            "performance_insights_retention_period": 0,
            "port": 5432,
            "publicly_accessible": false,
            "replica_mode": "",
            "replicas": [],
            "replicate_source_db": "",
            "resource_id": "db-CT7PMZ7ADW3XZP3ZFBTTELQDEU",
            "restore_to_point_in_time": [],
            "s3_import": [],
            "skip_final_snapshot": true,
            "snapshot_identifier": null,
            "status": "available",
            "storage_encrypted": false,
            "storage_throughput": 0,
            "storage_type": "gp2",
            "tags": {
              "Project": "golfbeta",
              "budget-protect": "true"
            },
            "tags_all": {
              "Project": "golfbeta",
              "budget-protect": "true"
            },
            "timeouts": null,
            "timezone": "",
            "upgrade_storage_config": null,
            "username": "appuser",
            "vpc_security_group_ids": [
              "sg-00eec9dabf56ee8b5"
            ]
          },
          "sensitive_attributes": [
            [
              {
                "type": "get_attr",
                "value": "password"
              }
            ],
            [
              {
                "type": "get_attr",
                "value": "password_wo"
              }
            ]
          ],
          "identity_schema_version": 0,
          "private": "eyJlMmJmYjczMC1lY2FhLTExZTYtOGY4OC0zNDM2M2JjN2M0YzAiOnsiY3JlYXRlIjozMDAwMDAwMDAwMDAwLCJkZWxldGUiOjM2MDAwMDAwMDAwMDAsInVwZGF0ZSI6NDgwMDAwMDAwMDAwMH0sInNjaGVtYV92ZXJzaW9uIjoiMiJ9",
          "dependencies": [
            "aws_db_subnet_group.db_subnets",
            "aws_security_group.ec2_sg",
            "aws_security_group.rds_sg",
            "aws_subnet.private_a",
            "aws_subnet.private_b",
            "aws_vpc.main",
            "data.aws_availability_zones.azs"
          ]
        }
      ]
    },
    {
      "mode": "managed",
      "type": "aws_db_subnet_group",
      "name": "db_subnets",
      "provider": "provider[\"registry.terraform.io/hashicorp/aws\"]",
      "instances": [
        {
          "schema_version": 0,
          "attributes": {
            "arn": "arn:aws:rds:eu-north-1:909200563752:subgrp:golfbeta-db-subnets",
            "description": "Managed by Terraform",
            "id": "golfbeta-db-subnets",
            "name": "golfbeta-db-subnets",
            "name_prefix": "",
            "subnet_ids": [
              "subnet-06e23bf2fd7319bd5",
              "subnet-07847cca03a973c9b"
            ],
            "supported_network_types": [
              "IPV4"
            ],
            "tags": {
              "Project": "golfbeta",
              "budget-protect": "true"
            },
            "tags_all": {
              "Project": "golfbeta",
              "budget-protect": "true"
            },
            "vpc_id": "vpc-03e4ed7f283b54596"
          },
          "sensitive_attributes": [],
          "identity_schema_version": 0,
          "private": "bnVsbA==",
          "dependencies": [
            "aws_subnet.private_a",
            "aws_subnet.private_b",
            "aws_vpc.main",
            "data.aws_availability_zones.azs"
          ]
        }
      ]
    },
    {
      "mode": "managed",
      "type": "aws_eip",
      "name": "app",
      "provider": "provider[\"registry.terraform.io/hashicorp/aws\"]",
      "instances": [
        {
          "schema_version": 0,
          "attributes": {
            "address": null,
            "allocation_id": "eipalloc-07db7d848501dd640",
            "arn": "arn:aws:ec2:eu-north-1:909200563752:elastic-ip/eipalloc-07db7d848501dd640",
            "associate_with_private_ip": null,
            "association_id": "eipassoc-0b027ca6d82f5a438",
            "carrier_ip": "",
            "customer_owned_ip": "",
            "customer_owned_ipv4_pool": "",
            "domain": "vpc",
            "id": "eipalloc-07db7d848501dd640",
            "instance": "i-08c76ce71da04e9c9",
            "ipam_pool_id": null,
            "network_border_group": "eu-north-1",
            "network_interface": "eni-0ddefdb80650b55c3",
            "private_dns": "ip-10-10-2-99.eu-north-1.compute.internal",
            "private_ip": "10.10.2.99",
            "ptr_record": "",
            "public_dns": "ec2-13-53-98-159.eu-north-1.compute.amazonaws.com",
            "public_ip": "13.53.98.159",
            "public_ipv4_pool": "amazon",
            "tags": {
              "Project": "golfbeta",
              "budget-protect": "true"
            },
            "tags_all": {
              "Project": "golfbeta",
              "budget-protect": "true"
            },
            "timeouts": null,
            "vpc": true
          },
          "sensitive_attributes": [],
          "identity_schema_version": 0,
          "private": "eyJlMmJmYjczMC1lY2FhLTExZTYtOGY4OC0zNDM2M2JjN2M0YzAiOnsiZGVsZXRlIjoxODAwMDAwMDAwMDAsInJlYWQiOjkwMDAwMDAwMDAwMCwidXBkYXRlIjozMDAwMDAwMDAwMDB9fQ=="
        }
      ]
    },
    {
      "mode": "managed",
      "type": "aws_eip_association",
      "name": "app",
      "provider": "provider[\"registry.terraform.io/hashicorp/aws\"]",
      "instances": [
        {
          "schema_version": 0,
          "attributes": {
            "allocation_id": "eipalloc-07db7d848501dd640",
            "allow_reassociation": null,
            "id": "eipassoc-0b027ca6d82f5a438",
            "instance_id": "i-08c76ce71da04e9c9",
            "network_interface_id": "eni-0ddefdb80650b55c3",
            "private_ip_address": "10.10.2.99",
            "public_ip": "13.53.98.159"
          },
          "sensitive_attributes": [],
          "identity_schema_version": 0,
          "private": "bnVsbA==",
          "dependencies": [
            "aws_cloudfront_distribution.videos",
            "aws_cloudfront_key_group.videos",
            "aws_cloudfront_origin_access_control.videos",
            "aws_cloudfront_public_key.videos",
            "aws_db_instance.pg",
            "aws_db_subnet_group.db_subnets",
            "aws_eip.app",
            "aws_iam_instance_profile.ec2_profile",
            "aws_iam_role.ec2_role",
            "aws_instance.app",
            "aws_s3_bucket.cloudfront_logs",
            "aws_s3_bucket.videos",
            "aws_security_group.ec2_sg",
            "aws_security_group.rds_sg",
            "aws_ssm_parameter.cloudfront_key_pair_id",
            "aws_ssm_parameter.cloudfront_private_key_b64",
            "aws_subnet.private_a",
            "aws_subnet.private_b",
            "aws_subnet.public_b",
            "aws_vpc.main",
            "data.aws_availability_zones.azs",
            "random_id.videos_suffix",
            "tls_private_key.videos_signing"
          ]
        }
      ]
    },
    {
      "mode": "managed",
      "type": "aws_iam_instance_profile",
      "name": "ec2_profile",
      "provider": "provider[\"registry.terraform.io/hashicorp/aws\"]",
      "instances": [
        {
          "schema_version": 0,
          "attributes": {
            "arn": "arn:aws:iam::909200563752:instance-profile/golfbeta-ec2-profile",
            "create_date": "2025-10-11T10:35:10Z",
            "id": "golfbeta-ec2-profile",
            "name": "golfbeta-ec2-profile",
            "name_prefix": "",
            "path": "/",
            "role": "golfbeta-ec2-role",
            "tags": {},
            "tags_all": {},
            "unique_id": "AIPA5HMETTYUAU7QDEVHE"
          },
          "sensitive_attributes": [],
          "identity_schema_version": 0,
          "private": "bnVsbA==",
          "dependencies": [
            "aws_iam_role.ec2_role"
          ]
        }
      ]
    },
    {
      "mode": "managed",
      "type": "aws_iam_policy",
      "name": "ec2_policy",
      "provider": "provider[\"registry.terraform.io/hashicorp/aws\"]",
      "instances": [
        {
          "schema_version": 0,
          "attributes": {
            "arn": "arn:aws:iam::909200563752:policy/golfbeta-ec2-ssm-logs",
            "attachment_count": 1,
            "description": "",
            "id": "arn:aws:iam::909200563752:policy/golfbeta-ec2-ssm-logs",
            "name": "golfbeta-ec2-ssm-logs",
            "name_prefix": "",
            "path": "/",
            "policy": "{\"Statement\":[{\"Action\":[\"ssm:GetParameter\",\"ssm:GetParameters\"],\"Effect\":\"Allow\",\"Resource\":\"arn:aws:ssm:eu-north-1:909200563752:parameter/golfbeta/*\"},{\"Action\":[\"s3:GetObject\"],\"Effect\":\"Allow\",\"Resource\":\"arn:aws:s3:::golfbeta-eu-north-1-videos-39695a/videos/*\"},{\"Action\":[\"s3:ListBucket\"],\"Condition\":{\"StringLike\":{\"s3:prefix\":[\"videos/*\"]}},\"Effect\":\"Allow\",\"Resource\":\"arn:aws:s3:::golfbeta-eu-north-1-videos-39695a\"},{\"Action\":[\"logs:CreateLogGroup\",\"logs:CreateLogStream\",\"logs:PutLogEvents\"],\"Effect\":\"Allow\",\"Resource\":\"*\"}],\"Version\":\"2012-10-17\"}",
            "policy_id": "ANPA5HMETTYUOJJDSEMJR",
            "tags": {
              "Project": "golfbeta",
              "budget-protect": "true"
            },
            "tags_all": {
              "Project": "golfbeta",
              "budget-protect": "true"
            }
          },
          "sensitive_attributes": [],
          "identity_schema_version": 0,
          "private": "bnVsbA==",
          "dependencies": [
            "data.aws_caller_identity.me"
          ]
        }
      ]
    },
    {
      "mode": "managed",
      "type": "aws_iam_role",
      "name": "ec2_role",
      "provider": "provider[\"registry.terraform.io/hashicorp/aws\"]",
      "instances": [
        {
          "schema_version": 0,
          "attributes": {
            "arn": "arn:aws:iam::909200563752:role/golfbeta-ec2-role",
            "assume_role_policy": "{\"Statement\":[{\"Action\":\"sts:AssumeRole\",\"Effect\":\"Allow\",\"Principal\":{\"Service\":\"ec2.amazonaws.com\"}}],\"Version\":\"2012-10-17\"}",
            "create_date": "2025-10-11T10:35:09Z",
            "description": "",
            "force_detach_policies": false,
            "id": "golfbeta-ec2-role",
            "inline_policy": [],
            "managed_policy_arns": [
              "arn:aws:iam::909200563752:policy/golfbeta-ec2-ssm-logs",
              "arn:aws:iam::aws:policy/AmazonEC2ContainerRegistryReadOnly",
              "arn:aws:iam::aws:policy/AmazonSSMManagedInstanceCore"
            ],
            "max_session_duration": 3600,
            "name": "golfbeta-ec2-role",
            "name_prefix": "",
            "path": "/",
            "permissions_boundary": "",
            "tags": {
              "Project": "golfbeta",
              "budget-protect": "true"
            },
            "tags_all": {
              "Project": "golfbeta",
              "budget-protect": "true"
            },
            "unique_id": "AROA5HMETTYUKKRMYPVJJ"
          },
          "sensitive_attributes": [],
          "identity_schema_version": 0,
          "private": "bnVsbA=="
        }
      ]
    },
    {
      "mode": "managed",
      "type": "aws_iam_role_policy_attachment",
      "name": "attach",
      "provider": "provider[\"registry.terraform.io/hashicorp/aws\"]",
      "instances": [
        {
          "schema_version": 0,
          "attributes": {
            "id": "golfbeta-ec2-role-20251011103508282400000001",
            "policy_arn": "arn:aws:iam::909200563752:policy/golfbeta-ec2-ssm-logs",
            "role": "golfbeta-ec2-role"
          },
          "sensitive_attributes": [],
          "identity_schema_version": 0,
          "private": "bnVsbA==",
          "dependencies": [
            "aws_iam_policy.ec2_policy",
            "aws_iam_role.ec2_role",
            "data.aws_caller_identity.me"
          ]
        }
      ]
    },
    {
      "mode": "managed",
      "type": "aws_iam_role_policy_attachment",
      "name": "ec2_ssm_core",
      "provider": "provider[\"registry.terraform.io/hashicorp/aws\"]",
      "instances": [
        {
          "schema_version": 0,
          "attributes": {
            "id": "golfbeta-ec2-role-20251031170342080800000001",
            "policy_arn": "arn:aws:iam::aws:policy/AmazonSSMManagedInstanceCore",
            "role": "golfbeta-ec2-role"
          },
          "sensitive_attributes": [],
          "identity_schema_version": 0,
          "private": "bnVsbA==",
          "dependencies": [
            "aws_iam_role.ec2_role"
          ]
        }
      ]
    },
    {
      "mode": "managed",
      "type": "aws_iam_role_policy_attachment",
      "name": "ecr_readonly",
      "provider": "provider[\"registry.terraform.io/hashicorp/aws\"]",
      "instances": [
        {
          "schema_version": 0,
          "attributes": {
            "id": "golfbeta-ec2-role-20251011124019063100000001",
            "policy_arn": "arn:aws:iam::aws:policy/AmazonEC2ContainerRegistryReadOnly",
            "role": "golfbeta-ec2-role"
          },
          "sensitive_attributes": [],
          "identity_schema_version": 0,
          "private": "bnVsbA==",
          "dependencies": [
            "aws_iam_role.ec2_role"
          ]
        }
      ]
    },
    {
      "mode": "managed",
      "type": "aws_instance",
      "name": "app",
      "provider": "provider[\"registry.terraform.io/hashicorp/aws\"]",
      "instances": [
        {
          "schema_version": 1,
          "attributes": {
            "ami": "ami-0d041a2e640771b52",
            "arn": "arn:aws:ec2:eu-north-1:909200563752:instance/i-08c76ce71da04e9c9",
            "associate_public_ip_address": true,
            "availability_zone": "eu-north-1b",
            "capacity_reservation_specification": [
              {
                "capacity_reservation_preference": "open",
                "capacity_reservation_target": []
              }
            ],
            "cpu_core_count": 1,
            "cpu_options": [
              {
                "amd_sev_snp": "",
                "core_count": 1,
                "threads_per_core": 2
              }
            ],
            "cpu_threads_per_core": 2,
            "credit_specification": [
              {
                "cpu_credits": "unlimited"
              }
            ],
            "disable_api_stop": false,
            "disable_api_termination": false,
            "ebs_block_device": [],
            "ebs_optimized": false,
            "enable_primary_ipv6": null,
            "enclave_options": [
              {
                "enabled": false
              }
            ],
            "ephemeral_block_device": [],
            "get_password_data": false,
            "hibernation": false,
            "host_id": "",
            "host_resource_group_arn": null,
            "iam_instance_profile": "golfbeta-ec2-profile",
            "id": "i-08c76ce71da04e9c9",
            "instance_initiated_shutdown_behavior": "stop",
            "instance_lifecycle": "",
            "instance_market_options": [],
            "instance_state": "running",
            "instance_type": "t3.micro",
            "ipv6_address_count": 0,
            "ipv6_addresses": [],
            "key_name": "golfbeta-admin",
            "launch_template": [],
            "maintenance_options": [
              {
                "auto_recovery": "default"
              }
            ],
            "metadata_options": [
              {
                "http_endpoint": "enabled",
                "http_protocol_ipv6": "disabled",
                "http_put_response_hop_limit": 2,
                "http_tokens": "required",
                "instance_metadata_tags": "disabled"
              }
            ],
            "monitoring": false,
            "network_interface": [],
            "outpost_arn": "",
            "password_data": "",
            "placement_group": "",
            "placement_partition_number": 0,
            "primary_network_interface_id": "eni-0ddefdb80650b55c3",
            "private_dns": "ip-10-10-2-99.eu-north-1.compute.internal",
            "private_dns_name_options": [
              {
                "enable_resource_name_dns_a_record": false,
                "enable_resource_name_dns_aaaa_record": false,
                "hostname_type": "ip-name"
              }
            ],
            "private_ip": "10.10.2.99",
            "public_dns": "ec2-13-53-98-159.eu-north-1.compute.amazonaws.com",
            "public_ip": "13.53.98.159",
            "root_block_device": [
              {
                "delete_on_termination": true,
                "device_name": "/dev/xvda",
                "encrypted": false,
                "iops": 3000,
                "kms_key_id": "",
                "tags": {},
                "tags_all": {},
                "throughput": 125,
                "volume_id": "vol-0cc7c2df1a5d3f379",
                "volume_size": 20,
                "volume_type": "gp3"
              }
            ],
            "secondary_private_ips": [],
            "security_groups": [],
            "source_dest_check": true,
            "spot_instance_request_id": "",
            "subnet_id": "subnet-0f819a5e29e5ab33c",
            "tags": {
              "Name": "golfbeta-ec2",
              "Project": "golfbeta",
              "budget-protect": "true"
            },
            "tags_all": {
              "Name": "golfbeta-ec2",
              "Project": "golfbeta",
              "budget-protect": "true"
            },
            "tenancy": "default",
            "timeouts": null,
            "user_data": "f2058904c1f770f46178216d71e2043ad55ac154",
            "user_data_base64": null,
            "user_data_replace_on_change": true,
            "volume_tags": null,
            "vpc_security_group_ids": [
              "sg-0393250cfcba54b98"
            ]
          },
          "sensitive_attributes": [],
          "identity_schema_version": 0,
          "private": "eyJlMmJmYjczMC1lY2FhLTExZTYtOGY4OC0zNDM2M2JjN2M0YzAiOnsiY3JlYXRlIjo2MDAwMDAwMDAwMDAsImRlbGV0ZSI6MTIwMDAwMDAwMDAwMCwicmVhZCI6OTAwMDAwMDAwMDAwLCJ1cGRhdGUiOjYwMDAwMDAwMDAwMH0sInNjaGVtYV92ZXJzaW9uIjoiMSJ9",
          "dependencies": [
            "aws_cloudfront_distribution.videos",
            "aws_cloudfront_key_group.videos",
            "aws_cloudfront_origin_access_control.videos",
            "aws_cloudfront_public_key.videos",
            "aws_db_instance.pg",
            "aws_db_subnet_group.db_subnets",
            "aws_iam_instance_profile.ec2_profile",
            "aws_iam_role.ec2_role",
            "aws_s3_bucket.cloudfront_logs",
            "aws_s3_bucket.videos",
            "aws_security_group.ec2_sg",
            "aws_security_group.rds_sg",
            "aws_ssm_parameter.cloudfront_key_pair_id",
            "aws_ssm_parameter.cloudfront_private_key_b64",
            "aws_subnet.private_a",
            "aws_subnet.private_b",
            "aws_subnet.public_b",
            "aws_vpc.main",
            "data.aws_availability_zones.azs",
            "random_id.videos_suffix",
            "tls_private_key.videos_signing"
          ]
        }
      ]
    },
    {
      "mode": "managed",
      "type": "aws_internet_gateway",
      "name": "igw",
      "provider": "provider[\"registry.terraform.io/hashicorp/aws\"]",
      "instances": [
        {
          "schema_version": 0,
          "attributes": {
            "arn": "arn:aws:ec2:eu-north-1:909200563752:internet-gateway/igw-0bfc282f640e2ccbb",
            "id": "igw-0bfc282f640e2ccbb",
            "owner_id": "909200563752",
            "tags": {
              "Name": "golfbeta-igw",
              "Project": "golfbeta",
              "budget-protect": "true"
            },
            "tags_all": {
              "Name": "golfbeta-igw",
              "Project": "golfbeta",
              "budget-protect": "true"
            },
            "timeouts": null,
            "vpc_id": "vpc-03e4ed7f283b54596"
          },
          "sensitive_attributes": [],
          "identity_schema_version": 0,
          "private": "eyJlMmJmYjczMC1lY2FhLTExZTYtOGY4OC0zNDM2M2JjN2M0YzAiOnsiY3JlYXRlIjoxMjAwMDAwMDAwMDAwLCJkZWxldGUiOjEyMDAwMDAwMDAwMDAsInVwZGF0ZSI6MTIwMDAwMDAwMDAwMH19",
          "dependencies": [
            "aws_vpc.main"
          ]
        }
      ]
    },
    {
      "mode": "managed",
      "type": "aws_route_table",
      "name": "public",
      "provider": "provider[\"registry.terraform.io/hashicorp/aws\"]",
      "instances": [
        {
          "schema_version": 0,
          "attributes": {
            "arn": "arn:aws:ec2:eu-north-1:909200563752:route-table/rtb-0654d84345d123ec2",
            "id": "rtb-0654d84345d123ec2",
            "owner_id": "909200563752",
            "propagating_vgws": [],
            "route": [
              {
                "carrier_gateway_id": "",
                "cidr_block": "0.0.0.0/0",
                "core_network_arn": "",
                "destination_prefix_list_id": "",
                "egress_only_gateway_id": "",
                "gateway_id": "igw-0bfc282f640e2ccbb",
                "ipv6_cidr_block": "",
                "local_gateway_id": "",
                "nat_gateway_id": "",
                "network_interface_id": "",
                "transit_gateway_id": "",
                "vpc_endpoint_id": "",
                "vpc_peering_connection_id": ""
              }
            ],
            "tags": {
              "Name": "golfbeta-public-rt",
              "Project": "golfbeta",
              "budget-protect": "true"
            },
            "tags_all": {
              "Name": "golfbeta-public-rt",
              "Project": "golfbeta",
              "budget-protect": "true"
            },
            "timeouts": null,
            "vpc_id": "vpc-03e4ed7f283b54596"
          },
          "sensitive_attributes": [],
          "identity_schema_version": 0,
          "private": "eyJlMmJmYjczMC1lY2FhLTExZTYtOGY4OC0zNDM2M2JjN2M0YzAiOnsiY3JlYXRlIjozMDAwMDAwMDAwMDAsImRlbGV0ZSI6MzAwMDAwMDAwMDAwLCJ1cGRhdGUiOjEyMDAwMDAwMDAwMH19",
          "dependencies": [
            "aws_internet_gateway.igw",
            "aws_vpc.main"
          ]
        }
      ]
    },
    {
      "mode": "managed",
      "type": "aws_route_table_association",
      "name": "pub_a",
      "provider": "provider[\"registry.terraform.io/hashicorp/aws\"]",
      "instances": [
        {
          "schema_version": 0,
          "attributes": {
            "gateway_id": "",
            "id": "rtbassoc-0231dcf1b22249afa",
            "route_table_id": "rtb-0654d84345d123ec2",
            "subnet_id": "subnet-0e6f5d0a4b80bb94b",
            "timeouts": null
          },
          "sensitive_attributes": [],
          "identity_schema_version": 0,
          "private": "eyJlMmJmYjczMC1lY2FhLTExZTYtOGY4OC0zNDM2M2JjN2M0YzAiOnsiY3JlYXRlIjozMDAwMDAwMDAwMDAsImRlbGV0ZSI6MzAwMDAwMDAwMDAwLCJ1cGRhdGUiOjEyMDAwMDAwMDAwMH19",
          "dependencies": [
            "aws_internet_gateway.igw",
            "aws_route_table.public",
            "aws_subnet.public_a",
            "aws_vpc.main",
            "data.aws_availability_zones.azs"
          ]
        }
      ]
    },
    {
      "mode": "managed",
      "type": "aws_route_table_association",
      "name": "pub_b",
      "provider": "provider[\"registry.terraform.io/hashicorp/aws\"]",
      "instances": [
        {
          "schema_version": 0,
          "attributes": {
            "gateway_id": "",
            "id": "rtbassoc-0abff68c51054dfd2",
            "route_table_id": "rtb-0654d84345d123ec2",
            "subnet_id": "subnet-0f819a5e29e5ab33c",
            "timeouts": null
          },
          "sensitive_attributes": [],
          "identity_schema_version": 0,
          "private": "eyJlMmJmYjczMC1lY2FhLTExZTYtOGY4OC0zNDM2M2JjN2M0YzAiOnsiY3JlYXRlIjozMDAwMDAwMDAwMDAsImRlbGV0ZSI6MzAwMDAwMDAwMDAwLCJ1cGRhdGUiOjEyMDAwMDAwMDAwMH19",
          "dependencies": [
            "aws_internet_gateway.igw",
            "aws_route_table.public",
            "aws_subnet.public_b",
            "aws_vpc.main",
            "data.aws_availability_zones.azs"
          ]
        }
      ]
    },
    {
      "mode": "managed",
      "type": "aws_s3_bucket",
      "name": "cloudfront_logs",
      "provider": "provider[\"registry.terraform.io/hashicorp/aws\"].us_east_1",
      "instances": [
        {
          "schema_version": 0,
          "attributes": {
            "acceleration_status": "",
            "acl": null,
            "arn": "arn:aws:s3:::golfbeta-cf-logs-39695a",
            "bucket": "golfbeta-cf-logs-39695a",
            "bucket_domain_name": "golfbeta-cf-logs-39695a.s3.amazonaws.com",
            "bucket_prefix": "",
            "bucket_regional_domain_name": "golfbeta-cf-logs-39695a.s3.us-east-1.amazonaws.com",
            "cors_rule": [],
            "force_destroy": false,
            "grant": [
              {
                "id": "f8ec0b092ecb277ba3d928319b4b5d33ba56c640ab5c8396824e6c58f75acac2",
                "permissions": [
                  "FULL_CONTROL"
                ],
                "type": "CanonicalUser",
                "uri": ""
              }
            ],
            "hosted_zone_id": "Z3AQBSTGFYJSTF",
            "id": "golfbeta-cf-logs-39695a",
            "lifecycle_rule": [],
            "logging": [],
            "object_lock_configuration": [],
            "object_lock_enabled": false,
            "policy": "{\"Statement\":[{\"Action\":\"s3:PutObject\",\"Condition\":{\"StringEquals\":{\"s3:x-amz-acl\":\"bucket-owner-full-control\"}},\"Effect\":\"Allow\",\"Principal\":{\"Service\":\"delivery.logs.amazonaws.com\"},\"Resource\":\"arn:aws:s3:::golfbeta-cf-logs-39695a/cloudfront/*\",\"Sid\":\"AllowCloudFrontLogsDelivery\"},{\"Action\":\"s3:GetBucketAcl\",\"Effect\":\"Allow\",\"Principal\":{\"Service\":\"delivery.logs.amazonaws.com\"},\"Resource\":\"arn:aws:s3:::golfbeta-cf-logs-39695a\",\"Sid\":\"AllowCloudFrontLogsAclCheck\"}],\"Version\":\"2012-10-17\"}",
            "region": "us-east-1",
            "replication_configuration": [],
            "request_payer": "BucketOwner",
            "server_side_encryption_configuration": [
              {
                "rule": [
                  {
                    "apply_server_side_encryption_by_default": [
                      {
                        "kms_master_key_id": "",
                        "sse_algorithm": "AES256"
                      }
                    ],
                    "bucket_key_enabled": false
                  }
                ]
              }
            ],
            "tags": {
              "Project": "golfbeta",
              "budget-protect": "true"
            },
            "tags_all": {
              "Project": "golfbeta",
              "budget-protect": "true"
            },
            "timeouts": null,
            "versioning": [
              {
                "enabled": false,
                "mfa_delete": false
              }
            ],
            "website": [],
            "website_domain": null,
            "website_endpoint": null
          },
          "sensitive_attributes": [],
          "identity_schema_version": 0,
          "private": "eyJlMmJmYjczMC1lY2FhLTExZTYtOGY4OC0zNDM2M2JjN2M0YzAiOnsiY3JlYXRlIjoxMjAwMDAwMDAwMDAwLCJkZWxldGUiOjM2MDAwMDAwMDAwMDAsInJlYWQiOjEyMDAwMDAwMDAwMDAsInVwZGF0ZSI6MTIwMDAwMDAwMDAwMH19",
          "dependencies": [
            "random_id.videos_suffix"
          ]
        }
      ]
    },
    {
      "mode": "managed",
      "type": "aws_s3_bucket",
      "name": "videos",
      "provider": "provider[\"registry.terraform.io/hashicorp/aws\"]",
      "instances": [
        {
          "schema_version": 0,
          "attributes": {
            "acceleration_status": "",
            "acl": null,
            "arn": "arn:aws:s3:::golfbeta-eu-north-1-videos-39695a",
            "bucket": "golfbeta-eu-north-1-videos-39695a",
            "bucket_domain_name": "golfbeta-eu-north-1-videos-39695a.s3.amazonaws.com",
            "bucket_prefix": "",
            "bucket_regional_domain_name": "golfbeta-eu-north-1-videos-39695a.s3.eu-north-1.amazonaws.com",
            "cors_rule": [],
            "force_destroy": false,
            "grant": [
              {
                "id": "f8ec0b092ecb277ba3d928319b4b5d33ba56c640ab5c8396824e6c58f75acac2",
                "permissions": [
                  "FULL_CONTROL"
                ],
                "type": "CanonicalUser",
                "uri": ""
              }
            ],
            "hosted_zone_id": "Z3BAZG2TWCNX0D",
            "id": "golfbeta-eu-north-1-videos-39695a",
            "lifecycle_rule": [
              {
                "abort_incomplete_multipart_upload_days": 0,
                "enabled": true,
                "expiration": [],
                "id": "expire-old-versions",
                "noncurrent_version_expiration": [
                  {
                    "days": 30
                  }
                ],
                "noncurrent_version_transition": [],
                "prefix": "",
                "tags": {},
                "transition": []
              },
              {
                "abort_incomplete_multipart_upload_days": 7,
                "enabled": true,
                "expiration": [],
                "id": "abort-mpu",
                "noncurrent_version_expiration": [],
                "noncurrent_version_transition": [],
                "prefix": "",
                "tags": {},
                "transition": []
              }
            ],
            "logging": [],
            "object_lock_configuration": [],
            "object_lock_enabled": false,
            "policy": "{\"Statement\":[{\"Action\":\"s3:*\",\"Condition\":{\"Bool\":{\"aws:SecureTransport\":\"false\"}},\"Effect\":\"Deny\",\"Principal\":\"*\",\"Resource\":[\"arn:aws:s3:::golfbeta-eu-north-1-videos-39695a\",\"arn:aws:s3:::golfbeta-eu-north-1-videos-39695a/*\"],\"Sid\":\"DenyInsecureTransport\"},{\"Action\":\"s3:GetObject\",\"Condition\":{\"StringEquals\":{\"AWS:SourceArn\":\"arn:aws:cloudfront::909200563752:distribution/E211XAM59PHT3X\"}},\"Effect\":\"Allow\",\"Principal\":{\"Service\":\"cloudfront.amazonaws.com\"},\"Resource\":\"arn:aws:s3:::golfbeta-eu-north-1-videos-39695a/*\",\"Sid\":\"AllowCloudFrontServicePrincipalRead\"}],\"Version\":\"2012-10-17\"}",
            "region": "eu-north-1",
            "replication_configuration": [],
            "request_payer": "BucketOwner",
            "server_side_encryption_configuration": [
              {
                "rule": [
                  {
                    "apply_server_side_encryption_by_default": [
                      {
                        "kms_master_key_id": "",
                        "sse_algorithm": "AES256"
                      }
                    ],
                    "bucket_key_enabled": false
                  }
                ]
              }
            ],
            "tags": {
              "Project": "golfbeta",
              "budget-protect": "true"
            },
            "tags_all": {
              "Project": "golfbeta",
              "budget-protect": "true"
            },
            "timeouts": null,
            "versioning": [
              {
                "enabled": true,
                "mfa_delete": false
              }
            ],
            "website": [],
            "website_domain": null,
            "website_endpoint": null
          },
          "sensitive_attributes": [],
          "identity_schema_version": 0,
          "private": "eyJlMmJmYjczMC1lY2FhLTExZTYtOGY4OC0zNDM2M2JjN2M0YzAiOnsiY3JlYXRlIjoxMjAwMDAwMDAwMDAwLCJkZWxldGUiOjM2MDAwMDAwMDAwMDAsInJlYWQiOjEyMDAwMDAwMDAwMDAsInVwZGF0ZSI6MTIwMDAwMDAwMDAwMH19",
          "dependencies": [
            "random_id.videos_suffix"
          ]
        }
      ]
    },
    {
      "mode": "managed",
      "type": "aws_s3_bucket_acl",
      "name": "cloudfront_logs",
      "provider": "provider[\"registry.terraform.io/hashicorp/aws\"].us_east_1",
      "instances": [
        {
          "schema_version": 0,
          "attributes": {
            "access_control_policy": [
              {
                "grant": [
                  {
                    "grantee": [
                      {
                        "display_name": "",
                        "email_address": "",
                        "id": "f8ec0b092ecb277ba3d928319b4b5d33ba56c640ab5c8396824e6c58f75acac2",
                        "type": "CanonicalUser",
                        "uri": ""
                      }
                    ],
                    "permission": "FULL_CONTROL"
                  }
                ],
                "owner": [
                  {
                    "display_name": "",
                    "id": "f8ec0b092ecb277ba3d928319b4b5d33ba56c640ab5c8396824e6c58f75acac2"
                  }
                ]
              }
            ],
            "acl": "private",
            "bucket": "golfbeta-cf-logs-39695a",
            "expected_bucket_owner": "",
            "id": "golfbeta-cf-logs-39695a,private"
          },
          "sensitive_attributes": [],
          "identity_schema_version": 0,
          "private": "bnVsbA==",
          "dependencies": [
            "aws_s3_bucket.cloudfront_logs",
            "aws_s3_bucket_ownership_controls.cloudfront_logs",
            "random_id.videos_suffix"
          ]
        }
      ]
    },
    {
      "mode": "managed",
      "type": "aws_s3_bucket_lifecycle_configuration",
      "name": "videos",
      "provider": "provider[\"registry.terraform.io/hashicorp/aws\"]",
      "instances": [
        {
          "schema_version": 1,
          "attributes": {
            "bucket": "golfbeta-eu-north-1-videos-39695a",
            "expected_bucket_owner": "",
            "id": "golfbeta-eu-north-1-videos-39695a",
            "rule": [
              {
                "abort_incomplete_multipart_upload": [],
                "expiration": [],
                "filter": [
                  {
                    "and": [],
                    "object_size_greater_than": null,
                    "object_size_less_than": null,
                    "prefix": "",
                    "tag": []
                  }
                ],
                "id": "expire-old-versions",
                "noncurrent_version_expiration": [
                  {
                    "newer_noncurrent_versions": null,
                    "noncurrent_days": 30
                  }
                ],
                "noncurrent_version_transition": [],
                "prefix": "",
                "status": "Enabled",
                "transition": []
              },
              {
                "abort_incomplete_multipart_upload": [
                  {
                    "days_after_initiation": 7
                  }
                ],
                "expiration": [],
                "filter": [
                  {
                    "and": [],
                    "object_size_greater_than": null,
                    "object_size_less_than": null,
                    "prefix": "",
                    "tag": []
                  }
                ],
                "id": "abort-mpu",
                "noncurrent_version_expiration": [],
                "noncurrent_version_transition": [],
                "prefix": "",
                "status": "Enabled",
                "transition": []
              }
            ],
            "timeouts": null,
            "transition_default_minimum_object_size": "all_storage_classes_128K"
          },
          "sensitive_attributes": [],
          "identity_schema_version": 0,
          "dependencies": [
            "aws_s3_bucket.videos",
            "random_id.videos_suffix"
          ]
        }
      ]
    },
    {
      "mode": "managed",
      "type": "aws_s3_bucket_metric",
      "name": "videos_request_metrics",
      "provider": "provider[\"registry.terraform.io/hashicorp/aws\"]",
      "instances": [
        {
          "schema_version": 0,
          "attributes": {
            "bucket": "golfbeta-eu-north-1-videos-39695a",
            "filter": [],
            "id": "golfbeta-eu-north-1-videos-39695a:EntireBucket",
            "name": "EntireBucket"
          },
          "sensitive_attributes": [],
          "identity_schema_version": 0,
          "private": "bnVsbA==",
          "dependencies": [
            "aws_s3_bucket.videos",
            "random_id.videos_suffix"
          ]
        }
      ]
    },
    {
      "mode": "managed",
      "type": "aws_s3_bucket_ownership_controls",
      "name": "cloudfront_logs",
      "provider": "provider[\"registry.terraform.io/hashicorp/aws\"].us_east_1",
      "instances": [
        {
          "schema_version": 0,
          "attributes": {
            "bucket": "golfbeta-cf-logs-39695a",
            "id": "golfbeta-cf-logs-39695a",
            "rule": [
              {
                "object_ownership": "BucketOwnerPreferred"
              }
            ]
          },
          "sensitive_attributes": [],
          "identity_schema_version": 0,
          "private": "bnVsbA==",
          "dependencies": [
            "aws_s3_bucket.cloudfront_logs",
            "random_id.videos_suffix"
          ]
        }
      ]
    },
    {
      "mode": "managed",
      "type": "aws_s3_bucket_policy",
      "name": "cloudfront_logs",
      "provider": "provider[\"registry.terraform.io/hashicorp/aws\"].us_east_1",
      "instances": [
        {
          "schema_version": 0,
          "attributes": {
            "bucket": "golfbeta-cf-logs-39695a",
            "id": "golfbeta-cf-logs-39695a",
            "policy": "{\"Statement\":[{\"Action\":\"s3:PutObject\",\"Condition\":{\"StringEquals\":{\"s3:x-amz-acl\":\"bucket-owner-full-control\"}},\"Effect\":\"Allow\",\"Principal\":{\"Service\":\"delivery.logs.amazonaws.com\"},\"Resource\":\"arn:aws:s3:::golfbeta-cf-logs-39695a/cloudfront/*\",\"Sid\":\"AllowCloudFrontLogsDelivery\"},{\"Action\":\"s3:GetBucketAcl\",\"Effect\":\"Allow\",\"Principal\":{\"Service\":\"delivery.logs.amazonaws.com\"},\"Resource\":\"arn:aws:s3:::golfbeta-cf-logs-39695a\",\"Sid\":\"AllowCloudFrontLogsAclCheck\"}],\"Version\":\"2012-10-17\"}"
          },
          "sensitive_attributes": [],
          "identity_schema_version": 0,
          "private": "bnVsbA==",
          "dependencies": [
            "aws_s3_bucket.cloudfront_logs",
            "random_id.videos_suffix"
          ]
        }
      ]
    },
    {
      "mode": "managed",
      "type": "aws_s3_bucket_policy",
      "name": "videos",
      "provider": "provider[\"registry.terraform.io/hashicorp/aws\"]",
      "instances": [
        {
          "schema_version": 0,
          "attributes": {
            "bucket": "golfbeta-eu-north-1-videos-39695a",
            "id": "golfbeta-eu-north-1-videos-39695a",
            "policy": "{\"Statement\":[{\"Action\":\"s3:*\",\"Condition\":{\"Bool\":{\"aws:SecureTransport\":\"false\"}},\"Effect\":\"Deny\",\"Principal\":\"*\",\"Resource\":[\"arn:aws:s3:::golfbeta-eu-north-1-videos-39695a\",\"arn:aws:s3:::golfbeta-eu-north-1-videos-39695a/*\"],\"Sid\":\"DenyInsecureTransport\"},{\"Action\":[\"s3:GetObject\"],\"Condition\":{\"StringEquals\":{\"AWS:SourceArn\":\"arn:aws:cloudfront::909200563752:distribution/E211XAM59PHT3X\"}},\"Effect\":\"Allow\",\"Principal\":{\"Service\":\"cloudfront.amazonaws.com\"},\"Resource\":\"arn:aws:s3:::golfbeta-eu-north-1-videos-39695a/*\",\"Sid\":\"AllowCloudFrontServicePrincipalRead\"}],\"Version\":\"2012-10-17\"}"
          },
          "sensitive_attributes": [],
          "identity_schema_version": 0,
          "private": "bnVsbA==",
          "dependencies": [
            "aws_cloudfront_distribution.videos",
            "aws_cloudfront_key_group.videos",
            "aws_cloudfront_origin_access_control.videos",
            "aws_cloudfront_public_key.videos",
            "aws_s3_bucket.cloudfront_logs",
            "aws_s3_bucket.videos",
            "random_id.videos_suffix",
            "tls_private_key.videos_signing"
          ]
        }
      ]
    },
    {
      "mode": "managed",
      "type": "aws_s3_bucket_public_access_block",
      "name": "cloudfront_logs",
      "provider": "provider[\"registry.terraform.io/hashicorp/aws\"].us_east_1",
      "instances": [
        {
          "schema_version": 0,
          "attributes": {
            "block_public_acls": true,
            "block_public_policy": true,
            "bucket": "golfbeta-cf-logs-39695a",
            "id": "golfbeta-cf-logs-39695a",
            "ignore_public_acls": true,
            "restrict_public_buckets": true
          },
          "sensitive_attributes": [],
          "identity_schema_version": 0,
          "private": "bnVsbA==",
          "dependencies": [
            "aws_s3_bucket.cloudfront_logs",
            "random_id.videos_suffix"
          ]
        }
      ]
    },
    {
      "mode": "managed",
      "type": "aws_s3_bucket_public_access_block",
      "name": "videos",
      "provider": "provider[\"registry.terraform.io/hashicorp/aws\"]",
      "instances": [
        {
          "schema_version": 0,
          "attributes": {
            "block_public_acls": true,
            "block_public_policy": true,
            "bucket": "golfbeta-eu-north-1-videos-39695a",
            "id": "golfbeta-eu-north-1-videos-39695a",
            "ignore_public_acls": true,
            "restrict_public_buckets": true
          },
          "sensitive_attributes": [],
          "identity_schema_version": 0,
          "private": "bnVsbA==",
          "dependencies": [
            "aws_s3_bucket.videos",
            "random_id.videos_suffix"
          ]
        }
      ]
    },
    {
      "mode": "managed",
      "type": "aws_s3_bucket_server_side_encryption_configuration",
      "name": "videos",
      "provider": "provider[\"registry.terraform.io/hashicorp/aws\"]",
      "instances": [
        {
          "schema_version": 0,
          "attributes": {
            "bucket": "golfbeta-eu-north-1-videos-39695a",
            "expected_bucket_owner": "",
            "id": "golfbeta-eu-north-1-videos-39695a",
            "rule": [
              {
                "apply_server_side_encryption_by_default": [
                  {
                    "kms_master_key_id": "",
                    "sse_algorithm": "AES256"
                  }
                ],
                "bucket_key_enabled": false
              }
            ]
          },
          "sensitive_attributes": [],
          "identity_schema_version": 0,
          "private": "bnVsbA==",
          "dependencies": [
            "aws_s3_bucket.videos",
            "random_id.videos_suffix"
          ]
        }
      ]
    },
    {
      "mode": "managed",
      "type": "aws_s3_bucket_versioning",
      "name": "videos",
      "provider": "provider[\"registry.terraform.io/hashicorp/aws\"]",
      "instances": [
        {
          "schema_version": 0,
          "attributes": {
            "bucket": "golfbeta-eu-north-1-videos-39695a",
            "expected_bucket_owner": "",
            "id": "golfbeta-eu-north-1-videos-39695a",
            "mfa": null,
            "versioning_configuration": [
              {
                "mfa_delete": "",
                "status": "Enabled"
              }
            ]
          },
          "sensitive_attributes": [],
          "identity_schema_version": 0,
          "private": "bnVsbA==",
          "dependencies": [
            "aws_s3_bucket.videos",
            "random_id.videos_suffix"
          ]
        }
      ]
    },
    {
      "mode": "managed",
      "type": "aws_security_group",
      "name": "ec2_sg",
      "provider": "provider[\"registry.terraform.io/hashicorp/aws\"]",
      "instances": [
        {
          "schema_version": 1,
          "attributes": {
            "arn": "arn:aws:ec2:eu-north-1:909200563752:security-group/sg-0393250cfcba54b98",
            "description": "Web ingress for app",
            "egress": [
              {
                "cidr_blocks": [
                  "0.0.0.0/0"
                ],
                "description": "",
                "from_port": 0,
                "ipv6_cidr_blocks": [],
                "prefix_list_ids": [],
                "protocol": "-1",
                "security_groups": [],
                "self": false,
                "to_port": 0
              }
            ],
            "id": "sg-0393250cfcba54b98",
            "ingress": [
              {
                "cidr_blocks": [
                  "0.0.0.0/0"
                ],
                "description": "",
                "from_port": 443,
                "ipv6_cidr_blocks": [],
                "prefix_list_ids": [],
                "protocol": "tcp",
                "security_groups": [],
                "self": false,
                "to_port": 443
              },
              {
                "cidr_blocks": [
                  "0.0.0.0/0"
                ],
                "description": "",
                "from_port": 80,
                "ipv6_cidr_blocks": [],
                "prefix_list_ids": [],
                "protocol": "tcp",
                "security_groups": [],
                "self": false,
                "to_port": 80
              },
              {
                "cidr_blocks": [
                  "18.202.216.48/29"
                ],
                "description": "SSH from eu-north-1 AWS internal",
                "from_port": 22,
                "ipv6_cidr_blocks": [],
                "prefix_list_ids": [],
                "protocol": "tcp",
                "security_groups": [],
                "self": false,
                "to_port": 22
              },
              {
                "cidr_blocks": [
                  "82.132.234.136/32"
                ],
                "description": "SSH from your workstation (Tobys iPhone (2))",
                "from_port": 22,
                "ipv6_cidr_blocks": [],
                "prefix_list_ids": [],
                "protocol": "tcp",
                "security_groups": [],
                "self": false,
                "to_port": 22
              },
              {
                "cidr_blocks": [
                  "86.150.28.115/32"
                ],
                "description": "SSH from your workstation (1 Hamond Sq)",
                "from_port": 22,
                "ipv6_cidr_blocks": [],
                "prefix_list_ids": [],
                "protocol": "tcp",
                "security_groups": [],
                "self": false,
                "to_port": 22
              }
            ],
            "name": "golfbeta-ec2-sg",
            "name_prefix": "",
            "owner_id": "909200563752",
            "revoke_rules_on_delete": false,
            "tags": {
              "Project": "golfbeta",
              "budget-protect": "true"
            },
            "tags_all": {
              "Project": "golfbeta",
              "budget-protect": "true"
            },
            "timeouts": null,
            "vpc_id": "vpc-03e4ed7f283b54596"
          },
          "sensitive_attributes": [],
          "identity_schema_version": 0,
          "private": "eyJlMmJmYjczMC1lY2FhLTExZTYtOGY4OC0zNDM2M2JjN2M0YzAiOnsiY3JlYXRlIjo2MDAwMDAwMDAwMDAsImRlbGV0ZSI6OTAwMDAwMDAwMDAwfSwic2NoZW1hX3ZlcnNpb24iOiIxIn0=",
          "dependencies": [
            "aws_vpc.main"
          ]
        }
      ]
    },
    {
      "mode": "managed",
      "type": "aws_security_group",
      "name": "rds_sg",
      "provider": "provider[\"registry.terraform.io/hashicorp/aws\"]",
      "instances": [
        {
          "schema_version": 1,
          "attributes": {
            "arn": "arn:aws:ec2:eu-north-1:909200563752:security-group/sg-00eec9dabf56ee8b5",
            "description": "Managed by Terraform",
            "egress": [
              {
                "cidr_blocks": [
                  "0.0.0.0/0"
                ],
                "description": "",
                "from_port": 0,
                "ipv6_cidr_blocks": [],
                "prefix_list_ids": [],
                "protocol": "-1",
                "security_groups": [],
                "self": false,
                "to_port": 0
              }
            ],
            "id": "sg-00eec9dabf56ee8b5",
            "ingress": [
              {
                "cidr_blocks": [],
                "description": "Postgres from EC2 only",
                "from_port": 5432,
                "ipv6_cidr_blocks": [],
                "prefix_list_ids": [],
                "protocol": "tcp",
                "security_groups": [
                  "sg-0393250cfcba54b98"
                ],
                "self": false,
                "to_port": 5432
              }
            ],
            "name": "golfbeta-rds-sg",
            "name_prefix": "",
            "owner_id": "909200563752",
            "revoke_rules_on_delete": false,
            "tags": {
              "Project": "golfbeta",
              "budget-protect": "true"
            },
            "tags_all": {
              "Project": "golfbeta",
              "budget-protect": "true"
            },
            "timeouts": null,
            "vpc_id": "vpc-03e4ed7f283b54596"
          },
          "sensitive_attributes": [],
          "identity_schema_version": 0,
          "private": "eyJlMmJmYjczMC1lY2FhLTExZTYtOGY4OC0zNDM2M2JjN2M0YzAiOnsiY3JlYXRlIjo2MDAwMDAwMDAwMDAsImRlbGV0ZSI6OTAwMDAwMDAwMDAwfSwic2NoZW1hX3ZlcnNpb24iOiIxIn0=",
          "dependencies": [
            "aws_security_group.ec2_sg",
            "aws_vpc.main"
          ]
        }
      ]
    },
    {
      "mode": "managed",
      "type": "aws_ssm_parameter",
      "name": "cloudfront_key_pair_id",
      "provider": "provider[\"registry.terraform.io/hashicorp/aws\"]",
      "instances": [
        {
          "schema_version": 0,
          "attributes": {
            "allowed_pattern": "",
            "arn": "arn:aws:ssm:eu-north-1:909200563752:parameter/golfbeta/cloudfront/key_pair_id",
            "data_type": "text",
            "description": "CloudFront public key ID used for signed URLs",
            "has_value_wo": null,
            "id": "/golfbeta/cloudfront/key_pair_id",
            "insecure_value": null,
            "key_id": "",
            "name": "/golfbeta/cloudfront/key_pair_id",
            "overwrite": true,
            "tags": {
              "Project": "golfbeta",
              "budget-protect": "true"
            },
            "tags_all": {
              "Project": "golfbeta",
              "budget-protect": "true"
            },
            "tier": "Standard",
            "type": "String",
            "value": "K1ML5EEF5BB3FU",
            "value_wo": null,
            "value_wo_version": null,
            "version": 1
          },
          "sensitive_attributes": [
            [
              {
                "type": "get_attr",
                "value": "value"
              }
            ],
            [
              {
                "type": "get_attr",
                "value": "value_wo"
              }
            ]
          ],
          "identity_schema_version": 0,
          "private": "bnVsbA==",
          "dependencies": [
            "aws_cloudfront_public_key.videos",
            "tls_private_key.videos_signing"
          ]
        }
      ]
    },
    {
      "mode": "managed",
      "type": "aws_ssm_parameter",
      "name": "cloudfront_private_key_b64",
      "provider": "provider[\"registry.terraform.io/hashicorp/aws\"]",
      "instances": [
        {
          "schema_version": 0,
          "attributes": {
            "allowed_pattern": "",
            "arn": "arn:aws:ssm:eu-north-1:909200563752:parameter/golfbeta/cloudfront/private_key_b64",
            "data_type": "text",
            "description": "Base64-encoded private key for signing CloudFront URLs",
            "has_value_wo": null,
            "id": "/golfbeta/cloudfront/private_key_b64",
            "insecure_value": null,
            "key_id": "alias/aws/ssm",
            "name": "/golfbeta/cloudfront/private_key_b64",
            "overwrite": true,
            "tags": {
              "Project": "golfbeta",
              "budget-protect": "true"
            },
            "tags_all": {
              "Project": "golfbeta",
              "budget-protect": "true"
            },
            "tier": "Standard",
            "type": "SecureString",
            "value": "LS0tLS1CRUdJTiBSU0EgUFJJVkFURSBLRVktLS0tLQpNSUlFcEFJQkFBS0NBUUVBdWpxZHZjSGU5M3BCdmlmQ1NZTmQxYjU5dFpWeURmUGNoWDQxKzRUTmdoZkViT2UzCkNmRWVabGltZ2QzWjhSblFSVXhZc1I0VXZSc1ZLVTRvNVQ0YVhlSU42S1RoaU5Yc1RLZU16eHhsdWhhdGlteVEKclo4SVpsNFc5RUZONU0reGpNWmdnWUFMTFA2M3hHbXlVbmYxTG5MREM3L1lkUVBsM24vblVjYUFHdU0xeFZGSQpxcjJ3eDRvUCtFb0lhcTI3YVliTE5Nb2hxYWoxOUx4NHZyZ0hrWGdQRzF2SmZVd0d4R05BNE0wTEdid0t5cUhrCktqNGZJeWU2R01QRUJEYkRoUTlpQzFFT2c1TFFXRXNrNnVyWjJ0c2Y4Qk0vYWgvbmVYYWhVVkMxZUd5a3dINXcKSDJ5akRJc1Vwd2NsSVNXMFQycHRUVlptcHdzVzliZkhKVEhJd3dJREFRQUJBb0lCQUZaSTVGOVFYVnR5eE5VegpITHpzNWVRci81akxwbTI2aUhrOWtndDRhN09VQ1ltZ0R0bkhZeHR1aGE5ME9BK1NzMEg0YnJ1WndXZ2hEVHYzCkg5R2ZaWjRNSi8rYnJYZTJEbWN4MW5iN3BGS0ZRV0Q2amtvemZqUFg4bkMzZFR6SDBtNzBWekNKUUNSWDNKTmYKbWFUR09jNk1rN3gwNWZqSmxvN3gyaDYwaHhSdFdVdndMMTBablIwSUtWalRSdFF3UFE5em9vMnhFUlhwWEEvdQpUMjZUN29LQURINDEyV21JTmtFYTJwS3RJTzFBZHNGYWpydjV5N1RvQXRBMUx6K2lsWkIxY3FOdUU5UDdHR3k3CkR5ZVJ3M1VMVE5LcGdjY2NlUUhxUUZDZHdicGIzNFF5bFpWajBJYjY1WFJDSjdTb2RKZmM2dHVtSmhkVHFzMkgKOFBqOXJzRUNnWUVBMUp1VlkzdEo0ZmFYWGtqa3JYSkxRRGdUTVJNeVMrZEN5aHhSL2RHTXJBaEFkMzIxWHZ2YwpFeWZmNzBScm1KUWJTTTMwRlIzMWpXTzN2THlPMng4TGZqWDZ2d3N4cm9CeWoyR0NTMTFLSUZpNmZLTUJvQi9BCnNQeUNTTnNkenIxRDlkQitOT0xaZkY2K2NoMHBWcmd4dyt3KzZkUTYxN3FnOG1PWEhJNVErT0VDZ1lFQTREekkKamtNSFhxR09jTlBSNmFnc2c0clB6eXFYaUlyUHRTNFQ1dE1CY3BDd3hxcHJkb0gvTlhoRXFnTG10UkFRNy9oTQovVHhSUmNXMld1eERXUWpEM2FUWXZFQnEvUVNMQWxFRitVb3NqRzQvODJzN04wUS93OTVnemlvbkhMaC9oNWN1Cm1BODdGNjZzTG1kTnVaUkNwWDZJSzRLYjZ6WUVaangvb0UzdUFpTUNnWUVBcmN4NXRKY21jSWVxZWJMUTdWRFAKWHpIM3psaEk5MitYVTYwUEFaUjVrSEEyY3ZmYWVra2RRTE9LQmdoQ2hMb2VDOGdBemZwdHJ5VmpIL0JzUDRnRApWeXM5VFVzVFUvbEFyU0VpNkFUZEFkQkdzbmgyYmJWSFNlZEJnZGxOWnFHbG1wN1RiTnc4dWNTaG5wdGtIYlg1ClNKWXBYL0RVSVdJNUM2eUo3UmdSN1VFQ2dZRUFwZk9XSWVMdGMxVnhTNE1ZR1NyRE50N21pTlZtckVDL0U4RjAKTFNJQU1qOXU5TGh2SzVkdHZxNnhjbmtQTVBVZzg5ZjVjbmpQVlNuTG1XSzlQUWxGbTZWQ1daLzdEaUhzbHR4TAo1WURGazNDTWw2UEdnVkpiTnFRL1ZKVFJ1V201eUNsVTdHaHBQVStpVWYxV0FuLzlDdW1uOFR1S0ZQczNLa3FmCjBZMmJGYTBDZ1lCenVpc2xKTkMvMmRKdytuUzNwQzV1OXg1ckZDYlRyYzZzVndXVlc5Z01NbkhlbzRRejV3VWIKV0NHbTJHQnV5M1hMZzVrRm16N1VNdlZMMFQ2S2VkM2hmaWZoQVlhT01YeldabTl6SXBpTWt5Zlc3MVB2UFBlZwpqVWRVOWNGdHBXTTFTelFwdGlCdjdBdXdsY0FINjZZOGpKSWNZUGgyY3dXNGdhNmtEZzI0R3c9PQotLS0tLUVORCBSU0EgUFJJVkFURSBLRVktLS0tLQo=",
            "value_wo": null,
            "value_wo_version": null,
            "version": 1
          },
          "sensitive_attributes": [
            [
              {
                "type": "get_attr",
                "value": "value"
              }
            ],
            [
              {
                "type": "get_attr",
                "value": "value_wo"
              }
            ]
          ],
          "identity_schema_version": 0,
          "private": "bnVsbA==",
          "dependencies": [
            "tls_private_key.videos_signing"
          ]
        }
      ]
    },
    {
      "mode": "managed",
      "type": "aws_ssm_parameter",
      "name": "db_password",
      "provider": "provider[\"registry.terraform.io/hashicorp/aws\"]",
      "instances": [
        {
          "schema_version": 0,
          "attributes": {
            "allowed_pattern": "",
            "arn": "arn:aws:ssm:eu-north-1:909200563752:parameter/golfbeta/db/password",
            "data_type": "text",
            "description": "",
            "has_value_wo": null,
            "id": "/golfbeta/db/password",
            "insecure_value": null,
            "key_id": "alias/aws/ssm",
            "name": "/golfbeta/db/password",
            "overwrite": null,
            "tags": {
              "Project": "golfbeta",
              "budget-protect": "true"
            },
            "tags_all": {
              "Project": "golfbeta",
              "budget-protect": "true"
            },
            "tier": "Standard",
            "type": "SecureString",
            "value": "postgres-testing1234",
            "value_wo": null,
            "value_wo_version": null,
            "version": 1
          },
          "sensitive_attributes": [
            [
              {
                "type": "get_attr",
                "value": "value"
              }
            ],
            [
              {
                "type": "get_attr",
                "value": "value_wo"
              }
            ]
          ],
          "identity_schema_version": 0,
          "private": "bnVsbA=="
        }
      ]
    },
    {
      "mode": "managed",
      "type": "aws_ssm_parameter",
      "name": "firebase_sa_b64",
      "provider": "provider[\"registry.terraform.io/hashicorp/aws\"]",
      "instances": [
        {
          "schema_version": 0,
          "attributes": {
            "allowed_pattern": "",
            "arn": "arn:aws:ssm:eu-north-1:909200563752:parameter/golfbeta/firebase/sa_b64",
            "data_type": "text",
            "description": "",
            "has_value_wo": null,
            "id": "/golfbeta/firebase/sa_b64",
            "insecure_value": null,
            "key_id": "alias/aws/ssm",
            "name": "/golfbeta/firebase/sa_b64",
            "overwrite": null,
            "tags": {
              "Project": "golfbeta",
              "budget-protect": "true"
            },
            "tags_all": {
              "Project": "golfbeta",
              "budget-protect": "true"
            },
            "tier": "Standard",
            "type": "SecureString",
            "value": "ewogICJ0eXBlIjogInNlcnZpY2VfYWNjb3VudCIsCiAgInByb2plY3RfaWQiOiAiZ29sZmJldGEtZDI5YTciLAogICJwcml2YXRlX2tleV9pZCI6ICIzNzk0NTFlNGQxZjkxZWI0ZWU3NmMxYzQ1NGQ0OGNkNTk4MWE2M2I1IiwKICAicHJpdmF0ZV9rZXkiOiAiLS0tLS1CRUdJTiBQUklWQVRFIEtFWS0tLS0tXG5NSUlFdmdJQkFEQU5CZ2txaGtpRzl3MEJBUUVGQUFTQ0JLZ3dnZ1NrQWdFQUFvSUJBUURDRFVRUkwwU21leEZhXG5kYWptM2l2a21qaG1wVlB1dmRnVEtKS2VQZ1RRZFlaeFVvUTFhSUVMbEkwMGgzdmRhclJRWnJDU2hqbmsvbTZCXG5sa1JQVk5FY2I5YU5ZWUcvZk1HUytEaS9LSDVxNnF5bDJTU0xCOU5OS3ZNZUNVTTJiME05T08xYVprdmlONXJaXG5sQmg0TXNmL3UzbGY0TFJUWUJOV0t1dHVoMnVRTUQ4OGt5dFhHQlN2WWZsQVlIZVhjYzBkWnlMRFc1RTFLSGZvXG53WXRMcW96TXVkZlZ5OGJnNjhRN215elRYNkNiU2djTUFwWk51emVFOWQzbHlpSG1kV3NROThNNFNCd3ppc2JaXG5uaHBDUHJwZTNqeUlKZmhsTmdBekFIOWVRZnltOFdBaHFhcGY1VGlTeTRqbGdSRFNmcWhnOXIvcU9hMWQ0UkREXG5aZGRrNDhRckFnTUJBQUVDZ2dFQUV3SmhySjFJeUZZOStQS1Z2U2YrZk1KdXkvOWVIWUVUYmEwSHorQ2JjQ0JUXG5MejY2SE5GRDh2SjJjckxpKzJtOGlEUEhFRk45MEdUc1JsMkdDNDl2Zksyb0F1bU9ZRWZFWHJWYU9iK3B3cWVDXG5paXlmVzg5RWI4YkpVaVB1SmFMNG4wSzRYYWF2d0ZWYUlmNVQ5MUppTFRjY1NMd21iaFIzVUhXYjRwUDVnWUpNXG5jTGY5bTZaZTJ5cUtIbEhDSjZaS3JnRlpLWkpDcHlrbEg3Y2duT0R0ZHZaQTBxMnA4OGtTY01hckJHSjAxeTJBXG5qemdIeGcvK09GOGFrVjhXcnJjMFBRemhpZUZGSEVHRjh1RlJzTGkzc2dCUmljeFZHWitrR0F3WHNXTU92VzhtXG5OZy9ZZTQ5M3lwbjhVKzdLVkxiSlNxQjlhaHl6eEV0ZmNuSkREbVNBQVFLQmdRRDc1aXlCOFhXTEY3NTNRVHpSXG5tV2dmNGxLRTUzdTdrODFEejdRRGtrY0ZBdGVRTm5GR3ZhdTJvc3lFMEl5U3MrdHZ3QU5ESnVIV2FtTmpQNUs3XG5vaC9vY3BhTmN4YWoxVlZhWDlXTitYSTVIS29aUVJQVjdjWnpEVXFRUW90b2pQZzV4RUtJbGo4RmdIcW5HbVZaXG5TR1kwUlhpdXVXZW54ZVhYYkwxT3N2VXdBUUtCZ1FERk5nRkpFb2tUcU04bzllU2dXb2ZvdG9pYmdtckFYQ1FCXG5McndyMmQyZGZEZkgrK3k5QW02Sjd6YUFBNUFzbjFkRHNIVzNFMlkxT2ZEeVFhb1VOaEFyTTZEb1RVdXJNQ3JQXG5DQmFGZ1FIREJqc0R4WHNoYm5sZk9TbVZQL2hKd1E0MzNKcGoyRk5JMXpyQkJPSUw3MzUwWHJzbms2Q0FYc0VzXG4rLzVKTC9TMEt3S0JnRlZ4ait0TDBna3FOcXNRNytaUTJPYm55QUhZMnptWE91c2ppdllqS2YvakpPZC84QkNFXG55YmdicEsvd1paNWxkUmprMHJaMmUraFZFZjFhVlJWY091S0g2OVZ6RWx6a1FoMXpvR2FXRkU2WEVJT2NkWFA5XG5RWEZKTXQrWUV0MlY0NlVFazJUdFFkZEY2MVMvT1YxOWwxMW5xelhwSWVYZzFNT3IyTkxYRlNBQkFvR0JBSjNTXG5OVDhrTFR6bGFEdXdaTEdMSVo2empTbGVPazRNcnVlZlhnbDl4ZVBGUitLc0VtM0VKM0FOVnNFbG1OaU0vOG4wXG55bytqWDdVUzFHY2E4NkJQRDZ0ekdyOHROSFFnRFBJMzE4WXBVcDZmT3RVdTBmWVVNZDlwb0lTSGVBeVdDZW5jXG5pbFdEQmt1UnFyeFRTdzhnTDBPemwvVDVLSVh5em9kUWR0UmRJMmlYQW9HQkFPYUo1NU82Rm5PaC9iVW5JdkNKXG5vcy8vdS9xTVNUUmd1UXV5c0pvMHdYbDNBUUtTaUYyK09PdW9aWGd4elhMVjkzVlI1Um5JQkdKMjZMOW8wS2NzXG52WlJFRG1HYUpRU2lod3FaRE9OUURtQ3ZlcWQ0VnczVjMrblNmV3hacUhWaTV0YjVzY0dMeDdmMmwwb3J1RUlLXG4xV0NBYjJBVzg3d3JqUmxna2tPUlY1WVBcbi0tLS0tRU5EIFBSSVZBVEUgS0VZLS0tLS1cbiIsCiAgImNsaWVudF9lbWFpbCI6ICJmaXJlYmFzZS1hZG1pbnNkay1mYnN2Y0Bnb2xmYmV0YS1kMjlhNy5pYW0uZ3NlcnZpY2VhY2NvdW50LmNvbSIsCiAgImNsaWVudF9pZCI6ICIxMDAyMzM1NDMwMTU3NTkxNzQ4NTAiLAogICJhdXRoX3VyaSI6ICJodHRwczovL2FjY291bnRzLmdvb2dsZS5jb20vby9vYXV0aDIvYXV0aCIsCiAgInRva2VuX3VyaSI6ICJodHRwczovL29hdXRoMi5nb29nbGVhcGlzLmNvbS90b2tlbiIsCiAgImF1dGhfcHJvdmlkZXJfeDUwOV9jZXJ0X3VybCI6ICJodHRwczovL3d3dy5nb29nbGVhcGlzLmNvbS9vYXV0aDIvdjEvY2VydHMiLAogICJjbGllbnRfeDUwOV9jZXJ0X3VybCI6ICJodHRwczovL3d3dy5nb29nbGVhcGlzLmNvbS9yb2JvdC92MS9tZXRhZGF0YS94NTA5L2ZpcmViYXNlLWFkbWluc2RrLWZic3ZjJTQwZ29sZmJldGEtZDI5YTcuaWFtLmdzZXJ2aWNlYWNjb3VudC5jb20iLAogICJ1bml2ZXJzZV9kb21haW4iOiAiZ29vZ2xlYXBpcy5jb20iCn0K",
            "value_wo": null,
            "value_wo_version": null,
            "version": 1
          },
          "sensitive_attributes": [
            [
              {
                "type": "get_attr",
                "value": "value"
              }
            ],
            [
              {
                "type": "get_attr",
                "value": "value_wo"
              }
            ]
          ],
          "identity_schema_version": 0,
          "private": "bnVsbA=="
        }
      ]
    },
    {
      "mode": "managed",
      "type": "aws_subnet",
      "name": "private_a",
      "provider": "provider[\"registry.terraform.io/hashicorp/aws\"]",
      "instances": [
        {
          "schema_version": 1,
          "attributes": {
            "arn": "arn:aws:ec2:eu-north-1:909200563752:subnet/subnet-07847cca03a973c9b",
            "assign_ipv6_address_on_creation": false,
            "availability_zone": "eu-north-1a",
            "availability_zone_id": "eun1-az1",
            "cidr_block": "10.10.11.0/24",
            "customer_owned_ipv4_pool": "",
            "enable_dns64": false,
            "enable_lni_at_device_index": 0,
            "enable_resource_name_dns_a_record_on_launch": false,
            "enable_resource_name_dns_aaaa_record_on_launch": false,
            "id": "subnet-07847cca03a973c9b",
            "ipv6_cidr_block": "",
            "ipv6_cidr_block_association_id": "",
            "ipv6_native": false,
            "map_customer_owned_ip_on_launch": false,
            "map_public_ip_on_launch": false,
            "outpost_arn": "",
            "owner_id": "909200563752",
            "private_dns_hostname_type_on_launch": "ip-name",
            "tags": {
              "Name": "golfbeta-private-a",
              "Project": "golfbeta",
              "budget-protect": "true"
            },
            "tags_all": {
              "Name": "golfbeta-private-a",
              "Project": "golfbeta",
              "budget-protect": "true"
            },
            "timeouts": null,
            "vpc_id": "vpc-03e4ed7f283b54596"
          },
          "sensitive_attributes": [],
          "identity_schema_version": 0,
          "private": "eyJlMmJmYjczMC1lY2FhLTExZTYtOGY4OC0zNDM2M2JjN2M0YzAiOnsiY3JlYXRlIjo2MDAwMDAwMDAwMDAsImRlbGV0ZSI6MTIwMDAwMDAwMDAwMH0sInNjaGVtYV92ZXJzaW9uIjoiMSJ9",
          "dependencies": [
            "aws_vpc.main",
            "data.aws_availability_zones.azs"
          ]
        }
      ]
    },
    {
      "mode": "managed",
      "type": "aws_subnet",
      "name": "private_b",
      "provider": "provider[\"registry.terraform.io/hashicorp/aws\"]",
      "instances": [
        {
          "schema_version": 1,
          "attributes": {
            "arn": "arn:aws:ec2:eu-north-1:909200563752:subnet/subnet-06e23bf2fd7319bd5",
            "assign_ipv6_address_on_creation": false,
            "availability_zone": "eu-north-1b",
            "availability_zone_id": "eun1-az2",
            "cidr_block": "10.10.12.0/24",
            "customer_owned_ipv4_pool": "",
            "enable_dns64": false,
            "enable_lni_at_device_index": 0,
            "enable_resource_name_dns_a_record_on_launch": false,
            "enable_resource_name_dns_aaaa_record_on_launch": false,
            "id": "subnet-06e23bf2fd7319bd5",
            "ipv6_cidr_block": "",
            "ipv6_cidr_block_association_id": "",
            "ipv6_native": false,
            "map_customer_owned_ip_on_launch": false,
            "map_public_ip_on_launch": false,
            "outpost_arn": "",
            "owner_id": "909200563752",
            "private_dns_hostname_type_on_launch": "ip-name",
            "tags": {
              "Name": "golfbeta-private-b",
              "Project": "golfbeta",
              "budget-protect": "true"
            },
            "tags_all": {
              "Name": "golfbeta-private-b",
              "Project": "golfbeta",
              "budget-protect": "true"
            },
            "timeouts": null,
            "vpc_id": "vpc-03e4ed7f283b54596"
          },
          "sensitive_attributes": [],
          "identity_schema_version": 0,
          "private": "eyJlMmJmYjczMC1lY2FhLTExZTYtOGY4OC0zNDM2M2JjN2M0YzAiOnsiY3JlYXRlIjo2MDAwMDAwMDAwMDAsImRlbGV0ZSI6MTIwMDAwMDAwMDAwMH0sInNjaGVtYV92ZXJzaW9uIjoiMSJ9",
          "dependencies": [
            "aws_vpc.main",
            "data.aws_availability_zones.azs"
          ]
        }
      ]
    },
    {
      "mode": "managed",
      "type": "aws_subnet",
      "name": "public_a",
      "provider": "provider[\"registry.terraform.io/hashicorp/aws\"]",
      "instances": [
        {
          "schema_version": 1,
          "attributes": {
            "arn": "arn:aws:ec2:eu-north-1:909200563752:subnet/subnet-0e6f5d0a4b80bb94b",
            "assign_ipv6_address_on_creation": false,
            "availability_zone": "eu-north-1a",
            "availability_zone_id": "eun1-az1",
            "cidr_block": "10.10.1.0/24",
            "customer_owned_ipv4_pool": "",
            "enable_dns64": false,
            "enable_lni_at_device_index": 0,
            "enable_resource_name_dns_a_record_on_launch": false,
            "enable_resource_name_dns_aaaa_record_on_launch": false,
            "id": "subnet-0e6f5d0a4b80bb94b",
            "ipv6_cidr_block": "",
            "ipv6_cidr_block_association_id": "",
            "ipv6_native": false,
            "map_customer_owned_ip_on_launch": false,
            "map_public_ip_on_launch": true,
            "outpost_arn": "",
            "owner_id": "909200563752",
            "private_dns_hostname_type_on_launch": "ip-name",
            "tags": {
              "Name": "golfbeta-public-a",
              "Project": "golfbeta",
              "budget-protect": "true"
            },
            "tags_all": {
              "Name": "golfbeta-public-a",
              "Project": "golfbeta",
              "budget-protect": "true"
            },
            "timeouts": null,
            "vpc_id": "vpc-03e4ed7f283b54596"
          },
          "sensitive_attributes": [],
          "identity_schema_version": 0,
          "private": "eyJlMmJmYjczMC1lY2FhLTExZTYtOGY4OC0zNDM2M2JjN2M0YzAiOnsiY3JlYXRlIjo2MDAwMDAwMDAwMDAsImRlbGV0ZSI6MTIwMDAwMDAwMDAwMH0sInNjaGVtYV92ZXJzaW9uIjoiMSJ9",
          "dependencies": [
            "aws_vpc.main",
            "data.aws_availability_zones.azs"
          ]
        }
      ]
    },
    {
      "mode": "managed",
      "type": "aws_subnet",
      "name": "public_b",
      "provider": "provider[\"registry.terraform.io/hashicorp/aws\"]",
      "instances": [
        {
          "schema_version": 1,
          "attributes": {
            "arn": "arn:aws:ec2:eu-north-1:909200563752:subnet/subnet-0f819a5e29e5ab33c",
            "assign_ipv6_address_on_creation": false,
            "availability_zone": "eu-north-1b",
            "availability_zone_id": "eun1-az2",
            "cidr_block": "10.10.2.0/24",
            "customer_owned_ipv4_pool": "",
            "enable_dns64": false,
            "enable_lni_at_device_index": 0,
            "enable_resource_name_dns_a_record_on_launch": false,
            "enable_resource_name_dns_aaaa_record_on_launch": false,
            "id": "subnet-0f819a5e29e5ab33c",
            "ipv6_cidr_block": "",
            "ipv6_cidr_block_association_id": "",
            "ipv6_native": false,
            "map_customer_owned_ip_on_launch": false,
            "map_public_ip_on_launch": true,
            "outpost_arn": "",
            "owner_id": "909200563752",
            "private_dns_hostname_type_on_launch": "ip-name",
            "tags": {
              "Name": "golfbeta-public-b",
              "Project": "golfbeta",
              "budget-protect": "true"
            },
            "tags_all": {
              "Name": "golfbeta-public-b",
              "Project": "golfbeta",
              "budget-protect": "true"
            },
            "timeouts": null,
            "vpc_id": "vpc-03e4ed7f283b54596"
          },
          "sensitive_attributes": [],
          "identity_schema_version": 0,
          "private": "eyJlMmJmYjczMC1lY2FhLTExZTYtOGY4OC0zNDM2M2JjN2M0YzAiOnsiY3JlYXRlIjo2MDAwMDAwMDAwMDAsImRlbGV0ZSI6MTIwMDAwMDAwMDAwMH0sInNjaGVtYV92ZXJzaW9uIjoiMSJ9",
          "dependencies": [
            "aws_vpc.main",
            "data.aws_availability_zones.azs"
          ]
        }
      ]
    },
    {
      "mode": "managed",
      "type": "aws_vpc",
      "name": "main",
      "provider": "provider[\"registry.terraform.io/hashicorp/aws\"]",
      "instances": [
        {
          "schema_version": 1,
          "attributes": {
            "arn": "arn:aws:ec2:eu-north-1:909200563752:vpc/vpc-03e4ed7f283b54596",
            "assign_generated_ipv6_cidr_block": false,
            "cidr_block": "10.10.0.0/16",
            "default_network_acl_id": "acl-024da0f8ce402b9de",
            "default_route_table_id": "rtb-0e526f9eedcaa3807",
            "default_security_group_id": "sg-0bd1c98d5b4c25c46",
            "dhcp_options_id": "dopt-07dae460351920c04",
            "enable_dns_hostnames": true,
            "enable_dns_support": true,
            "enable_network_address_usage_metrics": false,
            "id": "vpc-03e4ed7f283b54596",
            "instance_tenancy": "default",
            "ipv4_ipam_pool_id": null,
            "ipv4_netmask_length": null,
            "ipv6_association_id": "",
            "ipv6_cidr_block": "",
            "ipv6_cidr_block_network_border_group": "",
            "ipv6_ipam_pool_id": "",
            "ipv6_netmask_length": 0,
            "main_route_table_id": "rtb-0e526f9eedcaa3807",
            "owner_id": "909200563752",
            "tags": {
              "Name": "golfbeta-vpc",
              "Project": "golfbeta",
              "budget-protect": "true"
            },
            "tags_all": {
              "Name": "golfbeta-vpc",
              "Project": "golfbeta",
              "budget-protect": "true"
            }
          },
          "sensitive_attributes": [],
          "identity_schema_version": 0,
          "private": "eyJzY2hlbWFfdmVyc2lvbiI6IjEifQ=="
        }
      ]
    },
    {
      "mode": "managed",
      "type": "random_id",
      "name": "videos_suffix",
      "provider": "provider[\"registry.terraform.io/hashicorp/random\"]",
      "instances": [
        {
          "schema_version": 0,
          "attributes": {
            "b64_std": "OWla",
            "b64_url": "OWla",
            "byte_length": 3,
            "dec": "3762522",
            "hex": "39695a",
            "id": "OWla",
            "keepers": null,
            "prefix": null
          },
          "sensitive_attributes": [],
          "identity_schema_version": 0
        }
      ]
    },
    {
      "mode": "managed",
      "type": "tls_private_key",
      "name": "videos_signing",
      "provider": "provider[\"registry.terraform.io/hashicorp/tls\"]",
      "instances": [
        {
          "schema_version": 1,
          "attributes": {
            "algorithm": "RSA",
            "ecdsa_curve": "P224",
            "id": "0d0452e7070306f0e94d4693c622f41180e3e532",
            "private_key_openssh": "-----BEGIN OPENSSH PRIVATE KEY-----\nb3BlbnNzaC1rZXktdjEAAAAABG5vbmUAAAAEbm9uZQAAAAAAAAABAAABFwAAAAdz\nc2gtcnNhAAAAAwEAAQAAAQEAujqdvcHe93pBvifCSYNd1b59tZVyDfPchX41+4TN\nghfEbOe3CfEeZlimgd3Z8RnQRUxYsR4UvRsVKU4o5T4aXeIN6KThiNXsTKeMzxxl\nuhatimyQrZ8IZl4W9EFN5M+xjMZggYALLP63xGmyUnf1LnLDC7/YdQPl3n/nUcaA\nGuM1xVFIqr2wx4oP+EoIaq27aYbLNMohqaj19Lx4vrgHkXgPG1vJfUwGxGNA4M0L\nGbwKyqHkKj4fIye6GMPEBDbDhQ9iC1EOg5LQWEsk6urZ2tsf8BM/ah/neXahUVC1\neGykwH5wH2yjDIsUpwclISW0T2ptTVZmpwsW9bfHJTHIwwAAA7iqSsfeqkrH3gAA\nAAdzc2gtcnNhAAABAQC6Op29wd73ekG+J8JJg13Vvn21lXIN89yFfjX7hM2CF8Rs\n57cJ8R5mWKaB3dnxGdBFTFixHhS9GxUpTijlPhpd4g3opOGI1exMp4zPHGW6Fq2K\nbJCtnwhmXhb0QU3kz7GMxmCBgAss/rfEabJSd/UucsMLv9h1A+Xef+dRxoAa4zXF\nUUiqvbDHig/4Sghqrbtphss0yiGpqPX0vHi+uAeReA8bW8l9TAbEY0DgzQsZvArK\noeQqPh8jJ7oYw8QENsOFD2ILUQ6DktBYSyTq6tna2x/wEz9qH+d5dqFRULV4bKTA\nfnAfbKMMixSnByUhJbRPam1NVmanCxb1t8clMcjDAAAAAwEAAQAAAQBWSORfUF1b\ncsTVMxy87OXkK/+Yy6Ztuoh5PZILeGuzlAmJoA7Zx2MbboWvdDgPkrNB+G67mcFo\nIQ079x/Rn2WeDCf/m613tg5nMdZ2+6RShUFg+o5KM34z1/Jwt3U8x9Ju9FcwiUAk\nV9yTX5mkxjnOjJO8dOX4yZaO8doetIcUbVlL8C9dGZ0dCClY00bUMD0Pc6KNsREV\n6VwP7k9uk+6CgAx+NdlpiDZBGtqSrSDtQHbBWo67+cu06ALQNS8/opWQdXKjbhPT\n+xhsuw8nkcN1C0zSqYHHHHkB6kBQncG6W9+EMpWVY9CG+uV0Qie0qHSX3OrbpiYX\nU6rNh/D4/a7BAAAAgHO6KyUk0L/Z0nD6dLekLm73HmsUJtOtzqxXBZVb2Awycd6j\nhDPnBRtYIabYYG7LdcuDmQWbPtQy9UvRPop53eF+J+EBho4xfNZmb3MimIyTJ9bv\nU+8896CNR1T1wW2lYzVLNCm2IG/sC7CVwAfrpjyMkhxg+HZzBbiBrqQODbgbAAAA\ngQDUm5Vje0nh9pdeSOStcktAOBMxEzJL50LKHFH90YysCEB3fbVe+9wTJ9/vRGuY\nlBtIzfQVHfWNY7e8vI7bHwt+Nfq/CzGugHKPYYJLXUogWLp8owGgH8Cw/IJI2x3O\nvUP10H404tl8Xr5yHSlWuDHD7D7p1DrXuqDyY5ccjlD44QAAAIEA4DzIjkMHXqGO\ncNPR6agsg4rPzyqXiIrPtS4T5tMBcpCwxqprdoH/NXhEqgLmtRAQ7/hM/TxRRcW2\nWuxDWQjD3aTYvEBq/QSLAlEF+UosjG4/82s7N0Q/w95gzionHLh/h5cumA87F66s\nLmdNuZRCpX6IK4Kb6zYEZjx/oE3uAiMAAAAAAQID\n-----END OPENSSH PRIVATE KEY-----\n",
            "private_key_pem": "-----BEGIN RSA PRIVATE KEY-----\nMIIEpAIBAAKCAQEAujqdvcHe93pBvifCSYNd1b59tZVyDfPchX41+4TNghfEbOe3\nCfEeZlimgd3Z8RnQRUxYsR4UvRsVKU4o5T4aXeIN6KThiNXsTKeMzxxluhatimyQ\nrZ8IZl4W9EFN5M+xjMZggYALLP63xGmyUnf1LnLDC7/YdQPl3n/nUcaAGuM1xVFI\nqr2wx4oP+EoIaq27aYbLNMohqaj19Lx4vrgHkXgPG1vJfUwGxGNA4M0LGbwKyqHk\nKj4fIye6GMPEBDbDhQ9iC1EOg5LQWEsk6urZ2tsf8BM/ah/neXahUVC1eGykwH5w\nH2yjDIsUpwclISW0T2ptTVZmpwsW9bfHJTHIwwIDAQABAoIBAFZI5F9QXVtyxNUz\nHLzs5eQr/5jLpm26iHk9kgt4a7OUCYmgDtnHYxtuha90OA+Ss0H4bruZwWghDTv3\nH9GfZZ4MJ/+brXe2Dmcx1nb7pFKFQWD6jkozfjPX8nC3dTzH0m70VzCJQCRX3JNf\nmaTGOc6Mk7x05fjJlo7x2h60hxRtWUvwL10ZnR0IKVjTRtQwPQ9zoo2xERXpXA/u\nT26T7oKADH412WmINkEa2pKtIO1AdsFajrv5y7ToAtA1Lz+ilZB1cqNuE9P7GGy7\nDyeRw3ULTNKpgccceQHqQFCdwbpb34QylZVj0Ib65XRCJ7SodJfc6tumJhdTqs2H\n8Pj9rsECgYEA1JuVY3tJ4faXXkjkrXJLQDgTMRMyS+dCyhxR/dGMrAhAd321Xvvc\nEyff70RrmJQbSM30FR31jWO3vLyO2x8LfjX6vwsxroByj2GCS11KIFi6fKMBoB/A\nsPyCSNsdzr1D9dB+NOLZfF6+ch0pVrgxw+w+6dQ617qg8mOXHI5Q+OECgYEA4DzI\njkMHXqGOcNPR6agsg4rPzyqXiIrPtS4T5tMBcpCwxqprdoH/NXhEqgLmtRAQ7/hM\n/TxRRcW2WuxDWQjD3aTYvEBq/QSLAlEF+UosjG4/82s7N0Q/w95gzionHLh/h5cu\nmA87F66sLmdNuZRCpX6IK4Kb6zYEZjx/oE3uAiMCgYEArcx5tJcmcIeqebLQ7VDP\nXzH3zlhI92+XU60PAZR5kHA2cvfaekkdQLOKBghChLoeC8gAzfptryVjH/BsP4gD\nVys9TUsTU/lArSEi6ATdAdBGsnh2bbVHSedBgdlNZqGlmp7TbNw8ucShnptkHbX5\nSJYpX/DUIWI5C6yJ7RgR7UECgYEApfOWIeLtc1VxS4MYGSrDNt7miNVmrEC/E8F0\nLSIAMj9u9LhvK5dtvq6xcnkPMPUg89f5cnjPVSnLmWK9PQlFm6VCWZ/7DiHsltxL\n5YDFk3CMl6PGgVJbNqQ/VJTRuWm5yClU7GhpPU+iUf1WAn/9Cumn8TuKFPs3Kkqf\n0Y2bFa0CgYBzuislJNC/2dJw+nS3pC5u9x5rFCbTrc6sVwWVW9gMMnHeo4Qz5wUb\nWCGm2GBuy3XLg5kFmz7UMvVL0T6Ked3hfifhAYaOMXzWZm9zIpiMkyfW71PvPPeg\njUdU9cFtpWM1SzQptiBv7AuwlcAH66Y8jJIcYPh2cwW4ga6kDg24Gw==\n-----END RSA PRIVATE KEY-----\n",
            "private_key_pem_pkcs8": "-----BEGIN PRIVATE KEY-----\nMIIEvgIBADANBgkqhkiG9w0BAQEFAASCBKgwggSkAgEAAoIBAQC6Op29wd73ekG+\nJ8JJg13Vvn21lXIN89yFfjX7hM2CF8Rs57cJ8R5mWKaB3dnxGdBFTFixHhS9GxUp\nTijlPhpd4g3opOGI1exMp4zPHGW6Fq2KbJCtnwhmXhb0QU3kz7GMxmCBgAss/rfE\nabJSd/UucsMLv9h1A+Xef+dRxoAa4zXFUUiqvbDHig/4Sghqrbtphss0yiGpqPX0\nvHi+uAeReA8bW8l9TAbEY0DgzQsZvArKoeQqPh8jJ7oYw8QENsOFD2ILUQ6DktBY\nSyTq6tna2x/wEz9qH+d5dqFRULV4bKTAfnAfbKMMixSnByUhJbRPam1NVmanCxb1\nt8clMcjDAgMBAAECggEAVkjkX1BdW3LE1TMcvOzl5Cv/mMumbbqIeT2SC3hrs5QJ\niaAO2cdjG26Fr3Q4D5KzQfhuu5nBaCENO/cf0Z9lngwn/5utd7YOZzHWdvukUoVB\nYPqOSjN+M9fycLd1PMfSbvRXMIlAJFfck1+ZpMY5zoyTvHTl+MmWjvHaHrSHFG1Z\nS/AvXRmdHQgpWNNG1DA9D3OijbERFelcD+5PbpPugoAMfjXZaYg2QRrakq0g7UB2\nwVqOu/nLtOgC0DUvP6KVkHVyo24T0/sYbLsPJ5HDdQtM0qmBxxx5AepAUJ3Bulvf\nhDKVlWPQhvrldEIntKh0l9zq26YmF1OqzYfw+P2uwQKBgQDUm5Vje0nh9pdeSOSt\ncktAOBMxEzJL50LKHFH90YysCEB3fbVe+9wTJ9/vRGuYlBtIzfQVHfWNY7e8vI7b\nHwt+Nfq/CzGugHKPYYJLXUogWLp8owGgH8Cw/IJI2x3OvUP10H404tl8Xr5yHSlW\nuDHD7D7p1DrXuqDyY5ccjlD44QKBgQDgPMiOQwdeoY5w09HpqCyDis/PKpeIis+1\nLhPm0wFykLDGqmt2gf81eESqAua1EBDv+Ez9PFFFxbZa7ENZCMPdpNi8QGr9BIsC\nUQX5SiyMbj/zazs3RD/D3mDOKiccuH+Hly6YDzsXrqwuZ025lEKlfogrgpvrNgRm\nPH+gTe4CIwKBgQCtzHm0lyZwh6p5stDtUM9fMffOWEj3b5dTrQ8BlHmQcDZy99p6\nSR1As4oGCEKEuh4LyADN+m2vJWMf8Gw/iANXKz1NSxNT+UCtISLoBN0B0EayeHZt\ntUdJ50GB2U1moaWantNs3Dy5xKGem2QdtflIlilf8NQhYjkLrIntGBHtQQKBgQCl\n85Yh4u1zVXFLgxgZKsM23uaI1WasQL8TwXQtIgAyP270uG8rl22+rrFyeQ8w9SDz\n1/lyeM9VKcuZYr09CUWbpUJZn/sOIeyW3EvlgMWTcIyXo8aBUls2pD9UlNG5abnI\nKVTsaGk9T6JR/VYCf/0K6afxO4oU+zcqSp/RjZsVrQKBgHO6KyUk0L/Z0nD6dLek\nLm73HmsUJtOtzqxXBZVb2Awycd6jhDPnBRtYIabYYG7LdcuDmQWbPtQy9UvRPop5\n3eF+J+EBho4xfNZmb3MimIyTJ9bvU+8896CNR1T1wW2lYzVLNCm2IG/sC7CVwAfr\npjyMkhxg+HZzBbiBrqQODbgb\n-----END PRIVATE KEY-----\n",
            "public_key_fingerprint_md5": "0d:5e:fe:1a:57:f4:a9:36:40:55:da:59:dc:e3:08:06",
            "public_key_fingerprint_sha256": "SHA256:xphLOO5FNX9XLZyUUpUGnIRHys2lc6GidZE0WNtLI1I",
            "public_key_openssh": "ssh-rsa AAAAB3NzaC1yc2EAAAADAQABAAABAQC6Op29wd73ekG+J8JJg13Vvn21lXIN89yFfjX7hM2CF8Rs57cJ8R5mWKaB3dnxGdBFTFixHhS9GxUpTijlPhpd4g3opOGI1exMp4zPHGW6Fq2KbJCtnwhmXhb0QU3kz7GMxmCBgAss/rfEabJSd/UucsMLv9h1A+Xef+dRxoAa4zXFUUiqvbDHig/4Sghqrbtphss0yiGpqPX0vHi+uAeReA8bW8l9TAbEY0DgzQsZvArKoeQqPh8jJ7oYw8QENsOFD2ILUQ6DktBYSyTq6tna2x/wEz9qH+d5dqFRULV4bKTAfnAfbKMMixSnByUhJbRPam1NVmanCxb1t8clMcjD\n",
            "public_key_pem": "-----BEGIN PUBLIC KEY-----\nMIIBIjANBgkqhkiG9w0BAQEFAAOCAQ8AMIIBCgKCAQEAujqdvcHe93pBvifCSYNd\n1b59tZVyDfPchX41+4TNghfEbOe3CfEeZlimgd3Z8RnQRUxYsR4UvRsVKU4o5T4a\nXeIN6KThiNXsTKeMzxxluhatimyQrZ8IZl4W9EFN5M+xjMZggYALLP63xGmyUnf1\nLnLDC7/YdQPl3n/nUcaAGuM1xVFIqr2wx4oP+EoIaq27aYbLNMohqaj19Lx4vrgH\nkXgPG1vJfUwGxGNA4M0LGbwKyqHkKj4fIye6GMPEBDbDhQ9iC1EOg5LQWEsk6urZ\n2tsf8BM/ah/neXahUVC1eGykwH5wH2yjDIsUpwclISW0T2ptTVZmpwsW9bfHJTHI\nwwIDAQAB\n-----END PUBLIC KEY-----\n",
            "rsa_bits": 2048
          },
          "sensitive_attributes": [
            [
              {
                "type": "get_attr",
                "value": "private_key_openssh"
              }
            ],
            [
              {
                "type": "get_attr",
                "value": "private_key_pem"
              }
            ],
            [
              {
                "type": "get_attr",
                "value": "private_key_pem_pkcs8"
              }
            ]
          ],
          "identity_schema_version": 0
        }
      ]
    }
  ],
  "check_results": null
}
