{
  "version": 4,
  "terraform_version": "1.13.3",
  "serial": 94,
  "lineage": "850fa5d6-5ced-b692-e44c-f8b759f3078a",
  "outputs": {
    "ec2_public_ip": {
      "value": "13.61.176.196",
      "type": "string"
    },
    "rds_endpoint": {
      "value": "golfbeta-pg.czc2800iw6bg.eu-north-1.rds.amazonaws.com",
      "type": "string"
    },
    "rds_port": {
      "value": 5432,
      "type": "number"
    },
    "ssm_db_password": {
      "value": "/golfbeta/db/password",
      "type": "string"
    }
  },
  "resources": [
    {
      "mode": "data",
      "type": "aws_ami",
      "name": "al2023",
      "provider": "provider[\"registry.terraform.io/hashicorp/aws\"]",
      "instances": [
        {
          "schema_version": 0,
          "attributes": {
            "architecture": "x86_64",
            "arn": "arn:aws:ec2:eu-north-1::image/ami-0d281458830734cee",
            "block_device_mappings": [
              {
                "device_name": "/dev/xvda",
                "ebs": {
                  "delete_on_termination": "true",
                  "encrypted": "false",
                  "iops": "3000",
                  "snapshot_id": "snap-0dbd2b4c452134676",
                  "throughput": "125",
                  "volume_initialization_rate": "0",
                  "volume_size": "2",
                  "volume_type": "gp3"
                },
                "no_device": "",
                "virtual_name": ""
              }
            ],
            "boot_mode": "uefi-preferred",
            "creation_date": "2025-09-25T05:33:59.000Z",
            "deprecation_time": "2025-12-24T00:00:00.000Z",
            "description": "Amazon Linux 2023 AMI 2023.9.20250929.0 x86_64 Minimal HVM kernel-6.12",
            "ena_support": true,
            "executable_users": null,
            "filter": [
              {
                "name": "name",
                "values": [
                  "al2023-ami-*-x86_64"
                ]
              }
            ],
            "hypervisor": "xen",
            "id": "ami-0d281458830734cee",
            "image_id": "ami-0d281458830734cee",
            "image_location": "amazon/al2023-ami-minimal-2023.9.20250929.0-kernel-6.12-x86_64",
            "image_owner_alias": "amazon",
            "image_type": "machine",
            "imds_support": "v2.0",
            "include_deprecated": false,
            "kernel_id": "",
            "last_launched_time": "",
            "most_recent": true,
            "name": "al2023-ami-minimal-2023.9.20250929.0-kernel-6.12-x86_64",
            "name_regex": null,
            "owner_id": "137112412989",
            "owners": [
              "137112412989"
            ],
            "platform": "",
            "platform_details": "Linux/UNIX",
            "product_codes": [],
            "public": true,
            "ramdisk_id": "",
            "root_device_name": "/dev/xvda",
            "root_device_type": "ebs",
            "root_snapshot_id": "snap-0dbd2b4c452134676",
            "sriov_net_support": "simple",
            "state": "available",
            "state_reason": {
              "code": "UNSET",
              "message": "UNSET"
            },
            "tags": {},
            "timeouts": null,
            "tpm_support": "",
            "uefi_data": null,
            "usage_operation": "RunInstances",
            "virtualization_type": "hvm"
          },
          "sensitive_attributes": [],
          "identity_schema_version": 0
        }
      ]
    },
    {
      "mode": "data",
      "type": "aws_availability_zones",
      "name": "azs",
      "provider": "provider[\"registry.terraform.io/hashicorp/aws\"]",
      "instances": [
        {
          "schema_version": 0,
          "attributes": {
            "all_availability_zones": null,
            "exclude_names": null,
            "exclude_zone_ids": null,
            "filter": null,
            "group_names": [
              "eu-north-1-zg-1"
            ],
            "id": "eu-north-1",
            "names": [
              "eu-north-1a",
              "eu-north-1b",
              "eu-north-1c"
            ],
            "state": "available",
            "timeouts": null,
            "zone_ids": [
              "eun1-az1",
              "eun1-az2",
              "eun1-az3"
            ]
          },
          "sensitive_attributes": [],
          "identity_schema_version": 0
        }
      ]
    },
    {
      "mode": "data",
      "type": "aws_caller_identity",
      "name": "me",
      "provider": "provider[\"registry.terraform.io/hashicorp/aws\"]",
      "instances": [
        {
          "schema_version": 0,
          "attributes": {
            "account_id": "909200563752",
            "arn": "arn:aws:sts::909200563752:assumed-role/AWSReservedSSO_Admin-Bootstrap_1e0f4f545886c03e/tobycc23",
            "id": "909200563752",
            "user_id": "AROA5HMETTYUKG6V4N6HM:tobycc23"
          },
          "sensitive_attributes": [],
          "identity_schema_version": 0
        }
      ]
    },
    {
      "mode": "managed",
      "type": "aws_db_instance",
      "name": "pg",
      "provider": "provider[\"registry.terraform.io/hashicorp/aws\"]",
      "instances": [
        {
          "schema_version": 2,
          "attributes": {
            "address": "golfbeta-pg.czc2800iw6bg.eu-north-1.rds.amazonaws.com",
            "allocated_storage": 20,
            "allow_major_version_upgrade": null,
            "apply_immediately": false,
            "arn": "arn:aws:rds:eu-north-1:909200563752:db:golfbeta-pg",
            "auto_minor_version_upgrade": true,
            "availability_zone": "eu-north-1b",
            "backup_retention_period": 7,
            "backup_target": "region",
            "backup_window": "02:38-03:08",
            "blue_green_update": [],
            "ca_cert_identifier": "rds-ca-rsa2048-g1",
            "character_set_name": "",
            "copy_tags_to_snapshot": false,
            "custom_iam_instance_profile": "",
            "customer_owned_ip_enabled": false,
            "database_insights_mode": "standard",
            "db_name": "appdb",
            "db_subnet_group_name": "golfbeta-db-subnets",
            "dedicated_log_volume": false,
            "delete_automated_backups": true,
            "deletion_protection": false,
            "domain": "",
            "domain_auth_secret_arn": "",
            "domain_dns_ips": [],
            "domain_fqdn": "",
            "domain_iam_role_name": "",
            "domain_ou": "",
            "enabled_cloudwatch_logs_exports": [],
            "endpoint": "golfbeta-pg.czc2800iw6bg.eu-north-1.rds.amazonaws.com:5432",
            "engine": "postgres",
            "engine_lifecycle_support": "open-source-rds-extended-support",
            "engine_version": "16.3",
            "engine_version_actual": "16.3",
            "final_snapshot_identifier": null,
            "hosted_zone_id": "Z3MPDEQW7KHUGY",
            "iam_database_authentication_enabled": false,
            "id": "db-CT7PMZ7ADW3XZP3ZFBTTELQDEU",
            "identifier": "golfbeta-pg",
            "identifier_prefix": "",
            "instance_class": "db.t4g.micro",
            "iops": 0,
            "kms_key_id": "",
            "latest_restorable_time": "2025-10-11T21:04:39Z",
            "license_model": "postgresql-license",
            "listener_endpoint": [],
            "maintenance_window": "wed:01:38-wed:02:08",
            "manage_master_user_password": null,
            "master_user_secret": [],
            "master_user_secret_kms_key_id": null,
            "max_allocated_storage": 0,
            "monitoring_interval": 0,
            "monitoring_role_arn": "",
            "multi_az": false,
            "nchar_character_set_name": "",
            "network_type": "IPV4",
            "option_group_name": "default:postgres-16",
            "parameter_group_name": "default.postgres16",
            "password": "postgres-testing1234",
            "password_wo": null,
            "password_wo_version": null,
            "performance_insights_enabled": false,
            "performance_insights_kms_key_id": "",
            "performance_insights_retention_period": 0,
            "port": 5432,
            "publicly_accessible": false,
            "replica_mode": "",
            "replicas": [],
            "replicate_source_db": "",
            "resource_id": "db-CT7PMZ7ADW3XZP3ZFBTTELQDEU",
            "restore_to_point_in_time": [],
            "s3_import": [],
            "skip_final_snapshot": true,
            "snapshot_identifier": null,
            "status": "available",
            "storage_encrypted": false,
            "storage_throughput": 0,
            "storage_type": "gp2",
            "tags": {
              "Project": "golfbeta",
              "budget-protect": "true"
            },
            "tags_all": {
              "Project": "golfbeta",
              "budget-protect": "true"
            },
            "timeouts": null,
            "timezone": "",
            "upgrade_storage_config": null,
            "username": "appuser",
            "vpc_security_group_ids": [
              "sg-00eec9dabf56ee8b5"
            ]
          },
          "sensitive_attributes": [
            [
              {
                "type": "get_attr",
                "value": "password"
              }
            ],
            [
              {
                "type": "get_attr",
                "value": "password_wo"
              }
            ]
          ],
          "identity_schema_version": 0,
          "private": "eyJlMmJmYjczMC1lY2FhLTExZTYtOGY4OC0zNDM2M2JjN2M0YzAiOnsiY3JlYXRlIjozMDAwMDAwMDAwMDAwLCJkZWxldGUiOjM2MDAwMDAwMDAwMDAsInVwZGF0ZSI6NDgwMDAwMDAwMDAwMH0sInNjaGVtYV92ZXJzaW9uIjoiMiJ9",
          "dependencies": [
            "aws_db_subnet_group.db_subnets",
            "aws_security_group.ec2_sg",
            "aws_security_group.rds_sg",
            "aws_subnet.private_a",
            "aws_subnet.private_b",
            "aws_vpc.main",
            "data.aws_availability_zones.azs"
          ]
        }
      ]
    },
    {
      "mode": "managed",
      "type": "aws_db_subnet_group",
      "name": "db_subnets",
      "provider": "provider[\"registry.terraform.io/hashicorp/aws\"]",
      "instances": [
        {
          "schema_version": 0,
          "attributes": {
            "arn": "arn:aws:rds:eu-north-1:909200563752:subgrp:golfbeta-db-subnets",
            "description": "Managed by Terraform",
            "id": "golfbeta-db-subnets",
            "name": "golfbeta-db-subnets",
            "name_prefix": "",
            "subnet_ids": [
              "subnet-06e23bf2fd7319bd5",
              "subnet-07847cca03a973c9b"
            ],
            "supported_network_types": [
              "IPV4"
            ],
            "tags": {
              "Project": "golfbeta",
              "budget-protect": "true"
            },
            "tags_all": {
              "Project": "golfbeta",
              "budget-protect": "true"
            },
            "vpc_id": "vpc-03e4ed7f283b54596"
          },
          "sensitive_attributes": [],
          "identity_schema_version": 0,
          "private": "bnVsbA==",
          "dependencies": [
            "aws_subnet.private_a",
            "aws_subnet.private_b",
            "aws_vpc.main",
            "data.aws_availability_zones.azs"
          ]
        }
      ]
    },
    {
      "mode": "managed",
      "type": "aws_iam_instance_profile",
      "name": "ec2_profile",
      "provider": "provider[\"registry.terraform.io/hashicorp/aws\"]",
      "instances": [
        {
          "schema_version": 0,
          "attributes": {
            "arn": "arn:aws:iam::909200563752:instance-profile/golfbeta-ec2-profile",
            "create_date": "2025-10-11T10:35:10Z",
            "id": "golfbeta-ec2-profile",
            "name": "golfbeta-ec2-profile",
            "name_prefix": "",
            "path": "/",
            "role": "golfbeta-ec2-role",
            "tags": {},
            "tags_all": {},
            "unique_id": "AIPA5HMETTYUAU7QDEVHE"
          },
          "sensitive_attributes": [],
          "identity_schema_version": 0,
          "private": "bnVsbA==",
          "dependencies": [
            "aws_iam_role.ec2_role"
          ]
        }
      ]
    },
    {
      "mode": "managed",
      "type": "aws_iam_policy",
      "name": "ec2_policy",
      "provider": "provider[\"registry.terraform.io/hashicorp/aws\"]",
      "instances": [
        {
          "schema_version": 0,
          "attributes": {
            "arn": "arn:aws:iam::909200563752:policy/golfbeta-ec2-ssm-logs",
            "attachment_count": 1,
            "description": "",
            "id": "arn:aws:iam::909200563752:policy/golfbeta-ec2-ssm-logs",
            "name": "golfbeta-ec2-ssm-logs",
            "name_prefix": "",
            "path": "/",
            "policy": "{\"Statement\":[{\"Action\":[\"ssm:GetParameter\",\"ssm:GetParameters\"],\"Effect\":\"Allow\",\"Resource\":\"arn:aws:ssm:eu-north-1:909200563752:parameter/golfbeta/*\"},{\"Action\":[\"logs:CreateLogGroup\",\"logs:CreateLogStream\",\"logs:PutLogEvents\"],\"Effect\":\"Allow\",\"Resource\":\"*\"}],\"Version\":\"2012-10-17\"}",
            "policy_id": "ANPA5HMETTYUOJJDSEMJR",
            "tags": {
              "Project": "golfbeta",
              "budget-protect": "true"
            },
            "tags_all": {
              "Project": "golfbeta",
              "budget-protect": "true"
            }
          },
          "sensitive_attributes": [],
          "identity_schema_version": 0,
          "private": "bnVsbA==",
          "dependencies": [
            "data.aws_caller_identity.me"
          ]
        }
      ]
    },
    {
      "mode": "managed",
      "type": "aws_iam_role",
      "name": "ec2_role",
      "provider": "provider[\"registry.terraform.io/hashicorp/aws\"]",
      "instances": [
        {
          "schema_version": 0,
          "attributes": {
            "arn": "arn:aws:iam::909200563752:role/golfbeta-ec2-role",
            "assume_role_policy": "{\"Statement\":[{\"Action\":\"sts:AssumeRole\",\"Effect\":\"Allow\",\"Principal\":{\"Service\":\"ec2.amazonaws.com\"}}],\"Version\":\"2012-10-17\"}",
            "create_date": "2025-10-11T10:35:09Z",
            "description": "",
            "force_detach_policies": false,
            "id": "golfbeta-ec2-role",
            "inline_policy": [],
            "managed_policy_arns": [
              "arn:aws:iam::909200563752:policy/golfbeta-ec2-ssm-logs",
              "arn:aws:iam::aws:policy/AmazonEC2ContainerRegistryReadOnly"
            ],
            "max_session_duration": 3600,
            "name": "golfbeta-ec2-role",
            "name_prefix": "",
            "path": "/",
            "permissions_boundary": "",
            "tags": {
              "Project": "golfbeta",
              "budget-protect": "true"
            },
            "tags_all": {
              "Project": "golfbeta",
              "budget-protect": "true"
            },
            "unique_id": "AROA5HMETTYUKKRMYPVJJ"
          },
          "sensitive_attributes": [],
          "identity_schema_version": 0,
          "private": "bnVsbA=="
        }
      ]
    },
    {
      "mode": "managed",
      "type": "aws_iam_role_policy_attachment",
      "name": "attach",
      "provider": "provider[\"registry.terraform.io/hashicorp/aws\"]",
      "instances": [
        {
          "schema_version": 0,
          "attributes": {
            "id": "golfbeta-ec2-role-20251011103508282400000001",
            "policy_arn": "arn:aws:iam::909200563752:policy/golfbeta-ec2-ssm-logs",
            "role": "golfbeta-ec2-role"
          },
          "sensitive_attributes": [],
          "identity_schema_version": 0,
          "private": "bnVsbA==",
          "dependencies": [
            "aws_iam_policy.ec2_policy",
            "aws_iam_role.ec2_role",
            "data.aws_caller_identity.me"
          ]
        }
      ]
    },
    {
      "mode": "managed",
      "type": "aws_iam_role_policy_attachment",
      "name": "ecr_readonly",
      "provider": "provider[\"registry.terraform.io/hashicorp/aws\"]",
      "instances": [
        {
          "schema_version": 0,
          "attributes": {
            "id": "golfbeta-ec2-role-20251011124019063100000001",
            "policy_arn": "arn:aws:iam::aws:policy/AmazonEC2ContainerRegistryReadOnly",
            "role": "golfbeta-ec2-role"
          },
          "sensitive_attributes": [],
          "identity_schema_version": 0,
          "private": "bnVsbA==",
          "dependencies": [
            "aws_iam_role.ec2_role"
          ]
        }
      ]
    },
    {
      "mode": "managed",
      "type": "aws_instance",
      "name": "app",
      "provider": "provider[\"registry.terraform.io/hashicorp/aws\"]",
      "instances": [
        {
          "schema_version": 1,
          "attributes": {
            "ami": "ami-0d281458830734cee",
            "arn": "arn:aws:ec2:eu-north-1:909200563752:instance/i-0fa607a0dae5941a2",
            "associate_public_ip_address": true,
            "availability_zone": "eu-north-1b",
            "capacity_reservation_specification": [
              {
                "capacity_reservation_preference": "open",
                "capacity_reservation_target": []
              }
            ],
            "cpu_core_count": 1,
            "cpu_options": [
              {
                "amd_sev_snp": "",
                "core_count": 1,
                "threads_per_core": 2
              }
            ],
            "cpu_threads_per_core": 2,
            "credit_specification": [
              {
                "cpu_credits": "unlimited"
              }
            ],
            "disable_api_stop": false,
            "disable_api_termination": false,
            "ebs_block_device": [],
            "ebs_optimized": false,
            "enable_primary_ipv6": null,
            "enclave_options": [
              {
                "enabled": false
              }
            ],
            "ephemeral_block_device": [],
            "get_password_data": false,
            "hibernation": false,
            "host_id": "",
            "host_resource_group_arn": null,
            "iam_instance_profile": "golfbeta-ec2-profile",
            "id": "i-0fa607a0dae5941a2",
            "instance_initiated_shutdown_behavior": "stop",
            "instance_lifecycle": "",
            "instance_market_options": [],
            "instance_state": "running",
            "instance_type": "t3.micro",
            "ipv6_address_count": 0,
            "ipv6_addresses": [],
            "key_name": "golfbeta-admin",
            "launch_template": [],
            "maintenance_options": [
              {
                "auto_recovery": "default"
              }
            ],
            "metadata_options": [
              {
                "http_endpoint": "enabled",
                "http_protocol_ipv6": "disabled",
                "http_put_response_hop_limit": 2,
                "http_tokens": "required",
                "instance_metadata_tags": "disabled"
              }
            ],
            "monitoring": false,
            "network_interface": [],
            "outpost_arn": "",
            "password_data": "",
            "placement_group": "",
            "placement_partition_number": 0,
            "primary_network_interface_id": "eni-05ae05e692870cf16",
            "private_dns": "ip-10-10-2-142.eu-north-1.compute.internal",
            "private_dns_name_options": [
              {
                "enable_resource_name_dns_a_record": false,
                "enable_resource_name_dns_aaaa_record": false,
                "hostname_type": "ip-name"
              }
            ],
            "private_ip": "10.10.2.142",
            "public_dns": "ec2-13-61-176-196.eu-north-1.compute.amazonaws.com",
            "public_ip": "13.61.176.196",
            "root_block_device": [
              {
                "delete_on_termination": true,
                "device_name": "/dev/xvda",
                "encrypted": false,
                "iops": 3000,
                "kms_key_id": "",
                "tags": {},
                "tags_all": {},
                "throughput": 125,
                "volume_id": "vol-0e550bdc85cf27d91",
                "volume_size": 2,
                "volume_type": "gp3"
              }
            ],
            "secondary_private_ips": [],
            "security_groups": [],
            "source_dest_check": true,
            "spot_instance_request_id": "",
            "subnet_id": "subnet-0f819a5e29e5ab33c",
            "tags": {
              "Name": "golfbeta-ec2",
              "Project": "golfbeta",
              "budget-protect": "true"
            },
            "tags_all": {
              "Name": "golfbeta-ec2",
              "Project": "golfbeta",
              "budget-protect": "true"
            },
            "tenancy": "default",
            "timeouts": null,
            "user_data": "31dc40231ec2ea3c4c4e7463f3e80f642187f3dc",
            "user_data_base64": null,
            "user_data_replace_on_change": true,
            "volume_tags": null,
            "vpc_security_group_ids": [
              "sg-0393250cfcba54b98"
            ]
          },
          "sensitive_attributes": [],
          "identity_schema_version": 0,
          "private": "eyJlMmJmYjczMC1lY2FhLTExZTYtOGY4OC0zNDM2M2JjN2M0YzAiOnsiY3JlYXRlIjo2MDAwMDAwMDAwMDAsImRlbGV0ZSI6MTIwMDAwMDAwMDAwMCwicmVhZCI6OTAwMDAwMDAwMDAwLCJ1cGRhdGUiOjYwMDAwMDAwMDAwMH0sInNjaGVtYV92ZXJzaW9uIjoiMSJ9",
          "dependencies": [
            "aws_db_instance.pg",
            "aws_db_subnet_group.db_subnets",
            "aws_iam_instance_profile.ec2_profile",
            "aws_iam_role.ec2_role",
            "aws_security_group.ec2_sg",
            "aws_security_group.rds_sg",
            "aws_subnet.private_a",
            "aws_subnet.private_b",
            "aws_subnet.public_b",
            "aws_vpc.main",
            "data.aws_ami.al2023",
            "data.aws_availability_zones.azs"
          ]
        }
      ]
    },
    {
      "mode": "managed",
      "type": "aws_internet_gateway",
      "name": "igw",
      "provider": "provider[\"registry.terraform.io/hashicorp/aws\"]",
      "instances": [
        {
          "schema_version": 0,
          "attributes": {
            "arn": "arn:aws:ec2:eu-north-1:909200563752:internet-gateway/igw-0bfc282f640e2ccbb",
            "id": "igw-0bfc282f640e2ccbb",
            "owner_id": "909200563752",
            "tags": {
              "Name": "golfbeta-igw",
              "Project": "golfbeta",
              "budget-protect": "true"
            },
            "tags_all": {
              "Name": "golfbeta-igw",
              "Project": "golfbeta",
              "budget-protect": "true"
            },
            "timeouts": null,
            "vpc_id": "vpc-03e4ed7f283b54596"
          },
          "sensitive_attributes": [],
          "identity_schema_version": 0,
          "private": "eyJlMmJmYjczMC1lY2FhLTExZTYtOGY4OC0zNDM2M2JjN2M0YzAiOnsiY3JlYXRlIjoxMjAwMDAwMDAwMDAwLCJkZWxldGUiOjEyMDAwMDAwMDAwMDAsInVwZGF0ZSI6MTIwMDAwMDAwMDAwMH19",
          "dependencies": [
            "aws_vpc.main"
          ]
        }
      ]
    },
    {
      "mode": "managed",
      "type": "aws_route_table",
      "name": "public",
      "provider": "provider[\"registry.terraform.io/hashicorp/aws\"]",
      "instances": [
        {
          "schema_version": 0,
          "attributes": {
            "arn": "arn:aws:ec2:eu-north-1:909200563752:route-table/rtb-0654d84345d123ec2",
            "id": "rtb-0654d84345d123ec2",
            "owner_id": "909200563752",
            "propagating_vgws": [],
            "route": [
              {
                "carrier_gateway_id": "",
                "cidr_block": "0.0.0.0/0",
                "core_network_arn": "",
                "destination_prefix_list_id": "",
                "egress_only_gateway_id": "",
                "gateway_id": "igw-0bfc282f640e2ccbb",
                "ipv6_cidr_block": "",
                "local_gateway_id": "",
                "nat_gateway_id": "",
                "network_interface_id": "",
                "transit_gateway_id": "",
                "vpc_endpoint_id": "",
                "vpc_peering_connection_id": ""
              }
            ],
            "tags": {
              "Name": "golfbeta-public-rt",
              "Project": "golfbeta",
              "budget-protect": "true"
            },
            "tags_all": {
              "Name": "golfbeta-public-rt",
              "Project": "golfbeta",
              "budget-protect": "true"
            },
            "timeouts": null,
            "vpc_id": "vpc-03e4ed7f283b54596"
          },
          "sensitive_attributes": [],
          "identity_schema_version": 0,
          "private": "eyJlMmJmYjczMC1lY2FhLTExZTYtOGY4OC0zNDM2M2JjN2M0YzAiOnsiY3JlYXRlIjozMDAwMDAwMDAwMDAsImRlbGV0ZSI6MzAwMDAwMDAwMDAwLCJ1cGRhdGUiOjEyMDAwMDAwMDAwMH19",
          "dependencies": [
            "aws_internet_gateway.igw",
            "aws_vpc.main"
          ]
        }
      ]
    },
    {
      "mode": "managed",
      "type": "aws_route_table_association",
      "name": "pub_a",
      "provider": "provider[\"registry.terraform.io/hashicorp/aws\"]",
      "instances": [
        {
          "schema_version": 0,
          "attributes": {
            "gateway_id": "",
            "id": "rtbassoc-0231dcf1b22249afa",
            "route_table_id": "rtb-0654d84345d123ec2",
            "subnet_id": "subnet-0e6f5d0a4b80bb94b",
            "timeouts": null
          },
          "sensitive_attributes": [],
          "identity_schema_version": 0,
          "private": "eyJlMmJmYjczMC1lY2FhLTExZTYtOGY4OC0zNDM2M2JjN2M0YzAiOnsiY3JlYXRlIjozMDAwMDAwMDAwMDAsImRlbGV0ZSI6MzAwMDAwMDAwMDAwLCJ1cGRhdGUiOjEyMDAwMDAwMDAwMH19",
          "dependencies": [
            "aws_internet_gateway.igw",
            "aws_route_table.public",
            "aws_subnet.public_a",
            "aws_vpc.main",
            "data.aws_availability_zones.azs"
          ]
        }
      ]
    },
    {
      "mode": "managed",
      "type": "aws_route_table_association",
      "name": "pub_b",
      "provider": "provider[\"registry.terraform.io/hashicorp/aws\"]",
      "instances": [
        {
          "schema_version": 0,
          "attributes": {
            "gateway_id": "",
            "id": "rtbassoc-0abff68c51054dfd2",
            "route_table_id": "rtb-0654d84345d123ec2",
            "subnet_id": "subnet-0f819a5e29e5ab33c",
            "timeouts": null
          },
          "sensitive_attributes": [],
          "identity_schema_version": 0,
          "private": "eyJlMmJmYjczMC1lY2FhLTExZTYtOGY4OC0zNDM2M2JjN2M0YzAiOnsiY3JlYXRlIjozMDAwMDAwMDAwMDAsImRlbGV0ZSI6MzAwMDAwMDAwMDAwLCJ1cGRhdGUiOjEyMDAwMDAwMDAwMH19",
          "dependencies": [
            "aws_internet_gateway.igw",
            "aws_route_table.public",
            "aws_subnet.public_b",
            "aws_vpc.main",
            "data.aws_availability_zones.azs"
          ]
        }
      ]
    },
    {
      "mode": "managed",
      "type": "aws_security_group",
      "name": "ec2_sg",
      "provider": "provider[\"registry.terraform.io/hashicorp/aws\"]",
      "instances": [
        {
          "schema_version": 1,
          "attributes": {
            "arn": "arn:aws:ec2:eu-north-1:909200563752:security-group/sg-0393250cfcba54b98",
            "description": "Web ingress for app",
            "egress": [
              {
                "cidr_blocks": [
                  "0.0.0.0/0"
                ],
                "description": "",
                "from_port": 0,
                "ipv6_cidr_blocks": [],
                "prefix_list_ids": [],
                "protocol": "-1",
                "security_groups": [],
                "self": false,
                "to_port": 0
              }
            ],
            "id": "sg-0393250cfcba54b98",
            "ingress": [
              {
                "cidr_blocks": [
                  "0.0.0.0/0"
                ],
                "description": "",
                "from_port": 443,
                "ipv6_cidr_blocks": [],
                "prefix_list_ids": [],
                "protocol": "tcp",
                "security_groups": [],
                "self": false,
                "to_port": 443
              },
              {
                "cidr_blocks": [
                  "0.0.0.0/0"
                ],
                "description": "",
                "from_port": 80,
                "ipv6_cidr_blocks": [],
                "prefix_list_ids": [],
                "protocol": "tcp",
                "security_groups": [],
                "self": false,
                "to_port": 80
              },
              {
                "cidr_blocks": [
                  "82.15.9.210/32"
                ],
                "description": "SSH from your workstation",
                "from_port": 22,
                "ipv6_cidr_blocks": [],
                "prefix_list_ids": [],
                "protocol": "tcp",
                "security_groups": [],
                "self": false,
                "to_port": 22
              }
            ],
            "name": "golfbeta-ec2-sg",
            "name_prefix": "",
            "owner_id": "909200563752",
            "revoke_rules_on_delete": false,
            "tags": {
              "Project": "golfbeta",
              "budget-protect": "true"
            },
            "tags_all": {
              "Project": "golfbeta",
              "budget-protect": "true"
            },
            "timeouts": null,
            "vpc_id": "vpc-03e4ed7f283b54596"
          },
          "sensitive_attributes": [],
          "identity_schema_version": 0,
          "private": "eyJlMmJmYjczMC1lY2FhLTExZTYtOGY4OC0zNDM2M2JjN2M0YzAiOnsiY3JlYXRlIjo2MDAwMDAwMDAwMDAsImRlbGV0ZSI6OTAwMDAwMDAwMDAwfSwic2NoZW1hX3ZlcnNpb24iOiIxIn0=",
          "dependencies": [
            "aws_vpc.main"
          ]
        }
      ]
    },
    {
      "mode": "managed",
      "type": "aws_security_group",
      "name": "rds_sg",
      "provider": "provider[\"registry.terraform.io/hashicorp/aws\"]",
      "instances": [
        {
          "schema_version": 1,
          "attributes": {
            "arn": "arn:aws:ec2:eu-north-1:909200563752:security-group/sg-00eec9dabf56ee8b5",
            "description": "Managed by Terraform",
            "egress": [
              {
                "cidr_blocks": [
                  "0.0.0.0/0"
                ],
                "description": "",
                "from_port": 0,
                "ipv6_cidr_blocks": [],
                "prefix_list_ids": [],
                "protocol": "-1",
                "security_groups": [],
                "self": false,
                "to_port": 0
              }
            ],
            "id": "sg-00eec9dabf56ee8b5",
            "ingress": [
              {
                "cidr_blocks": [],
                "description": "Postgres from EC2 only",
                "from_port": 5432,
                "ipv6_cidr_blocks": [],
                "prefix_list_ids": [],
                "protocol": "tcp",
                "security_groups": [
                  "sg-0393250cfcba54b98"
                ],
                "self": false,
                "to_port": 5432
              }
            ],
            "name": "golfbeta-rds-sg",
            "name_prefix": "",
            "owner_id": "909200563752",
            "revoke_rules_on_delete": false,
            "tags": {
              "Project": "golfbeta",
              "budget-protect": "true"
            },
            "tags_all": {
              "Project": "golfbeta",
              "budget-protect": "true"
            },
            "timeouts": null,
            "vpc_id": "vpc-03e4ed7f283b54596"
          },
          "sensitive_attributes": [],
          "identity_schema_version": 0,
          "private": "eyJlMmJmYjczMC1lY2FhLTExZTYtOGY4OC0zNDM2M2JjN2M0YzAiOnsiY3JlYXRlIjo2MDAwMDAwMDAwMDAsImRlbGV0ZSI6OTAwMDAwMDAwMDAwfSwic2NoZW1hX3ZlcnNpb24iOiIxIn0=",
          "dependencies": [
            "aws_security_group.ec2_sg",
            "aws_vpc.main"
          ]
        }
      ]
    },
    {
      "mode": "managed",
      "type": "aws_ssm_parameter",
      "name": "db_password",
      "provider": "provider[\"registry.terraform.io/hashicorp/aws\"]",
      "instances": [
        {
          "schema_version": 0,
          "attributes": {
            "allowed_pattern": "",
            "arn": "arn:aws:ssm:eu-north-1:909200563752:parameter/golfbeta/db/password",
            "data_type": "text",
            "description": "",
            "has_value_wo": null,
            "id": "/golfbeta/db/password",
            "insecure_value": null,
            "key_id": "alias/aws/ssm",
            "name": "/golfbeta/db/password",
            "overwrite": null,
            "tags": {
              "Project": "golfbeta",
              "budget-protect": "true"
            },
            "tags_all": {
              "Project": "golfbeta",
              "budget-protect": "true"
            },
            "tier": "Standard",
            "type": "SecureString",
            "value": "postgres-testing1234",
            "value_wo": null,
            "value_wo_version": null,
            "version": 1
          },
          "sensitive_attributes": [
            [
              {
                "type": "get_attr",
                "value": "value"
              }
            ],
            [
              {
                "type": "get_attr",
                "value": "value_wo"
              }
            ]
          ],
          "identity_schema_version": 0,
          "private": "bnVsbA=="
        }
      ]
    },
    {
      "mode": "managed",
      "type": "aws_ssm_parameter",
      "name": "firebase_sa_b64",
      "provider": "provider[\"registry.terraform.io/hashicorp/aws\"]",
      "instances": [
        {
          "schema_version": 0,
          "attributes": {
            "allowed_pattern": "",
            "arn": "arn:aws:ssm:eu-north-1:909200563752:parameter/golfbeta/firebase/sa_b64",
            "data_type": "text",
            "description": "",
            "has_value_wo": null,
            "id": "/golfbeta/firebase/sa_b64",
            "insecure_value": null,
            "key_id": "alias/aws/ssm",
            "name": "/golfbeta/firebase/sa_b64",
            "overwrite": null,
            "tags": {
              "Project": "golfbeta",
              "budget-protect": "true"
            },
            "tags_all": {
              "Project": "golfbeta",
              "budget-protect": "true"
            },
            "tier": "Standard",
            "type": "SecureString",
            "value": "ewogICJ0eXBlIjogInNlcnZpY2VfYWNjb3VudCIsCiAgInByb2plY3RfaWQiOiAiZ29sZmJldGEtZDI5YTciLAogICJwcml2YXRlX2tleV9pZCI6ICIzNzk0NTFlNGQxZjkxZWI0ZWU3NmMxYzQ1NGQ0OGNkNTk4MWE2M2I1IiwKICAicHJpdmF0ZV9rZXkiOiAiLS0tLS1CRUdJTiBQUklWQVRFIEtFWS0tLS0tXG5NSUlFdmdJQkFEQU5CZ2txaGtpRzl3MEJBUUVGQUFTQ0JLZ3dnZ1NrQWdFQUFvSUJBUURDRFVRUkwwU21leEZhXG5kYWptM2l2a21qaG1wVlB1dmRnVEtKS2VQZ1RRZFlaeFVvUTFhSUVMbEkwMGgzdmRhclJRWnJDU2hqbmsvbTZCXG5sa1JQVk5FY2I5YU5ZWUcvZk1HUytEaS9LSDVxNnF5bDJTU0xCOU5OS3ZNZUNVTTJiME05T08xYVprdmlONXJaXG5sQmg0TXNmL3UzbGY0TFJUWUJOV0t1dHVoMnVRTUQ4OGt5dFhHQlN2WWZsQVlIZVhjYzBkWnlMRFc1RTFLSGZvXG53WXRMcW96TXVkZlZ5OGJnNjhRN215elRYNkNiU2djTUFwWk51emVFOWQzbHlpSG1kV3NROThNNFNCd3ppc2JaXG5uaHBDUHJwZTNqeUlKZmhsTmdBekFIOWVRZnltOFdBaHFhcGY1VGlTeTRqbGdSRFNmcWhnOXIvcU9hMWQ0UkREXG5aZGRrNDhRckFnTUJBQUVDZ2dFQUV3SmhySjFJeUZZOStQS1Z2U2YrZk1KdXkvOWVIWUVUYmEwSHorQ2JjQ0JUXG5MejY2SE5GRDh2SjJjckxpKzJtOGlEUEhFRk45MEdUc1JsMkdDNDl2Zksyb0F1bU9ZRWZFWHJWYU9iK3B3cWVDXG5paXlmVzg5RWI4YkpVaVB1SmFMNG4wSzRYYWF2d0ZWYUlmNVQ5MUppTFRjY1NMd21iaFIzVUhXYjRwUDVnWUpNXG5jTGY5bTZaZTJ5cUtIbEhDSjZaS3JnRlpLWkpDcHlrbEg3Y2duT0R0ZHZaQTBxMnA4OGtTY01hckJHSjAxeTJBXG5qemdIeGcvK09GOGFrVjhXcnJjMFBRemhpZUZGSEVHRjh1RlJzTGkzc2dCUmljeFZHWitrR0F3WHNXTU92VzhtXG5OZy9ZZTQ5M3lwbjhVKzdLVkxiSlNxQjlhaHl6eEV0ZmNuSkREbVNBQVFLQmdRRDc1aXlCOFhXTEY3NTNRVHpSXG5tV2dmNGxLRTUzdTdrODFEejdRRGtrY0ZBdGVRTm5GR3ZhdTJvc3lFMEl5U3MrdHZ3QU5ESnVIV2FtTmpQNUs3XG5vaC9vY3BhTmN4YWoxVlZhWDlXTitYSTVIS29aUVJQVjdjWnpEVXFRUW90b2pQZzV4RUtJbGo4RmdIcW5HbVZaXG5TR1kwUlhpdXVXZW54ZVhYYkwxT3N2VXdBUUtCZ1FERk5nRkpFb2tUcU04bzllU2dXb2ZvdG9pYmdtckFYQ1FCXG5McndyMmQyZGZEZkgrK3k5QW02Sjd6YUFBNUFzbjFkRHNIVzNFMlkxT2ZEeVFhb1VOaEFyTTZEb1RVdXJNQ3JQXG5DQmFGZ1FIREJqc0R4WHNoYm5sZk9TbVZQL2hKd1E0MzNKcGoyRk5JMXpyQkJPSUw3MzUwWHJzbms2Q0FYc0VzXG4rLzVKTC9TMEt3S0JnRlZ4ait0TDBna3FOcXNRNytaUTJPYm55QUhZMnptWE91c2ppdllqS2YvakpPZC84QkNFXG55YmdicEsvd1paNWxkUmprMHJaMmUraFZFZjFhVlJWY091S0g2OVZ6RWx6a1FoMXpvR2FXRkU2WEVJT2NkWFA5XG5RWEZKTXQrWUV0MlY0NlVFazJUdFFkZEY2MVMvT1YxOWwxMW5xelhwSWVYZzFNT3IyTkxYRlNBQkFvR0JBSjNTXG5OVDhrTFR6bGFEdXdaTEdMSVo2empTbGVPazRNcnVlZlhnbDl4ZVBGUitLc0VtM0VKM0FOVnNFbG1OaU0vOG4wXG55bytqWDdVUzFHY2E4NkJQRDZ0ekdyOHROSFFnRFBJMzE4WXBVcDZmT3RVdTBmWVVNZDlwb0lTSGVBeVdDZW5jXG5pbFdEQmt1UnFyeFRTdzhnTDBPemwvVDVLSVh5em9kUWR0UmRJMmlYQW9HQkFPYUo1NU82Rm5PaC9iVW5JdkNKXG5vcy8vdS9xTVNUUmd1UXV5c0pvMHdYbDNBUUtTaUYyK09PdW9aWGd4elhMVjkzVlI1Um5JQkdKMjZMOW8wS2NzXG52WlJFRG1HYUpRU2lod3FaRE9OUURtQ3ZlcWQ0VnczVjMrblNmV3hacUhWaTV0YjVzY0dMeDdmMmwwb3J1RUlLXG4xV0NBYjJBVzg3d3JqUmxna2tPUlY1WVBcbi0tLS0tRU5EIFBSSVZBVEUgS0VZLS0tLS1cbiIsCiAgImNsaWVudF9lbWFpbCI6ICJmaXJlYmFzZS1hZG1pbnNkay1mYnN2Y0Bnb2xmYmV0YS1kMjlhNy5pYW0uZ3NlcnZpY2VhY2NvdW50LmNvbSIsCiAgImNsaWVudF9pZCI6ICIxMDAyMzM1NDMwMTU3NTkxNzQ4NTAiLAogICJhdXRoX3VyaSI6ICJodHRwczovL2FjY291bnRzLmdvb2dsZS5jb20vby9vYXV0aDIvYXV0aCIsCiAgInRva2VuX3VyaSI6ICJodHRwczovL29hdXRoMi5nb29nbGVhcGlzLmNvbS90b2tlbiIsCiAgImF1dGhfcHJvdmlkZXJfeDUwOV9jZXJ0X3VybCI6ICJodHRwczovL3d3dy5nb29nbGVhcGlzLmNvbS9vYXV0aDIvdjEvY2VydHMiLAogICJjbGllbnRfeDUwOV9jZXJ0X3VybCI6ICJodHRwczovL3d3dy5nb29nbGVhcGlzLmNvbS9yb2JvdC92MS9tZXRhZGF0YS94NTA5L2ZpcmViYXNlLWFkbWluc2RrLWZic3ZjJTQwZ29sZmJldGEtZDI5YTcuaWFtLmdzZXJ2aWNlYWNjb3VudC5jb20iLAogICJ1bml2ZXJzZV9kb21haW4iOiAiZ29vZ2xlYXBpcy5jb20iCn0K",
            "value_wo": null,
            "value_wo_version": null,
            "version": 1
          },
          "sensitive_attributes": [
            [
              {
                "type": "get_attr",
                "value": "value"
              }
            ],
            [
              {
                "type": "get_attr",
                "value": "value_wo"
              }
            ]
          ],
          "identity_schema_version": 0,
          "private": "bnVsbA=="
        }
      ]
    },
    {
      "mode": "managed",
      "type": "aws_subnet",
      "name": "private_a",
      "provider": "provider[\"registry.terraform.io/hashicorp/aws\"]",
      "instances": [
        {
          "schema_version": 1,
          "attributes": {
            "arn": "arn:aws:ec2:eu-north-1:909200563752:subnet/subnet-07847cca03a973c9b",
            "assign_ipv6_address_on_creation": false,
            "availability_zone": "eu-north-1a",
            "availability_zone_id": "eun1-az1",
            "cidr_block": "10.10.11.0/24",
            "customer_owned_ipv4_pool": "",
            "enable_dns64": false,
            "enable_lni_at_device_index": 0,
            "enable_resource_name_dns_a_record_on_launch": false,
            "enable_resource_name_dns_aaaa_record_on_launch": false,
            "id": "subnet-07847cca03a973c9b",
            "ipv6_cidr_block": "",
            "ipv6_cidr_block_association_id": "",
            "ipv6_native": false,
            "map_customer_owned_ip_on_launch": false,
            "map_public_ip_on_launch": false,
            "outpost_arn": "",
            "owner_id": "909200563752",
            "private_dns_hostname_type_on_launch": "ip-name",
            "tags": {
              "Name": "golfbeta-private-a",
              "Project": "golfbeta",
              "budget-protect": "true"
            },
            "tags_all": {
              "Name": "golfbeta-private-a",
              "Project": "golfbeta",
              "budget-protect": "true"
            },
            "timeouts": null,
            "vpc_id": "vpc-03e4ed7f283b54596"
          },
          "sensitive_attributes": [],
          "identity_schema_version": 0,
          "private": "eyJlMmJmYjczMC1lY2FhLTExZTYtOGY4OC0zNDM2M2JjN2M0YzAiOnsiY3JlYXRlIjo2MDAwMDAwMDAwMDAsImRlbGV0ZSI6MTIwMDAwMDAwMDAwMH0sInNjaGVtYV92ZXJzaW9uIjoiMSJ9",
          "dependencies": [
            "aws_vpc.main",
            "data.aws_availability_zones.azs"
          ]
        }
      ]
    },
    {
      "mode": "managed",
      "type": "aws_subnet",
      "name": "private_b",
      "provider": "provider[\"registry.terraform.io/hashicorp/aws\"]",
      "instances": [
        {
          "schema_version": 1,
          "attributes": {
            "arn": "arn:aws:ec2:eu-north-1:909200563752:subnet/subnet-06e23bf2fd7319bd5",
            "assign_ipv6_address_on_creation": false,
            "availability_zone": "eu-north-1b",
            "availability_zone_id": "eun1-az2",
            "cidr_block": "10.10.12.0/24",
            "customer_owned_ipv4_pool": "",
            "enable_dns64": false,
            "enable_lni_at_device_index": 0,
            "enable_resource_name_dns_a_record_on_launch": false,
            "enable_resource_name_dns_aaaa_record_on_launch": false,
            "id": "subnet-06e23bf2fd7319bd5",
            "ipv6_cidr_block": "",
            "ipv6_cidr_block_association_id": "",
            "ipv6_native": false,
            "map_customer_owned_ip_on_launch": false,
            "map_public_ip_on_launch": false,
            "outpost_arn": "",
            "owner_id": "909200563752",
            "private_dns_hostname_type_on_launch": "ip-name",
            "tags": {
              "Name": "golfbeta-private-b",
              "Project": "golfbeta",
              "budget-protect": "true"
            },
            "tags_all": {
              "Name": "golfbeta-private-b",
              "Project": "golfbeta",
              "budget-protect": "true"
            },
            "timeouts": null,
            "vpc_id": "vpc-03e4ed7f283b54596"
          },
          "sensitive_attributes": [],
          "identity_schema_version": 0,
          "private": "eyJlMmJmYjczMC1lY2FhLTExZTYtOGY4OC0zNDM2M2JjN2M0YzAiOnsiY3JlYXRlIjo2MDAwMDAwMDAwMDAsImRlbGV0ZSI6MTIwMDAwMDAwMDAwMH0sInNjaGVtYV92ZXJzaW9uIjoiMSJ9",
          "dependencies": [
            "aws_vpc.main",
            "data.aws_availability_zones.azs"
          ]
        }
      ]
    },
    {
      "mode": "managed",
      "type": "aws_subnet",
      "name": "public_a",
      "provider": "provider[\"registry.terraform.io/hashicorp/aws\"]",
      "instances": [
        {
          "schema_version": 1,
          "attributes": {
            "arn": "arn:aws:ec2:eu-north-1:909200563752:subnet/subnet-0e6f5d0a4b80bb94b",
            "assign_ipv6_address_on_creation": false,
            "availability_zone": "eu-north-1a",
            "availability_zone_id": "eun1-az1",
            "cidr_block": "10.10.1.0/24",
            "customer_owned_ipv4_pool": "",
            "enable_dns64": false,
            "enable_lni_at_device_index": 0,
            "enable_resource_name_dns_a_record_on_launch": false,
            "enable_resource_name_dns_aaaa_record_on_launch": false,
            "id": "subnet-0e6f5d0a4b80bb94b",
            "ipv6_cidr_block": "",
            "ipv6_cidr_block_association_id": "",
            "ipv6_native": false,
            "map_customer_owned_ip_on_launch": false,
            "map_public_ip_on_launch": true,
            "outpost_arn": "",
            "owner_id": "909200563752",
            "private_dns_hostname_type_on_launch": "ip-name",
            "tags": {
              "Name": "golfbeta-public-a",
              "Project": "golfbeta",
              "budget-protect": "true"
            },
            "tags_all": {
              "Name": "golfbeta-public-a",
              "Project": "golfbeta",
              "budget-protect": "true"
            },
            "timeouts": null,
            "vpc_id": "vpc-03e4ed7f283b54596"
          },
          "sensitive_attributes": [],
          "identity_schema_version": 0,
          "private": "eyJlMmJmYjczMC1lY2FhLTExZTYtOGY4OC0zNDM2M2JjN2M0YzAiOnsiY3JlYXRlIjo2MDAwMDAwMDAwMDAsImRlbGV0ZSI6MTIwMDAwMDAwMDAwMH0sInNjaGVtYV92ZXJzaW9uIjoiMSJ9",
          "dependencies": [
            "aws_vpc.main",
            "data.aws_availability_zones.azs"
          ]
        }
      ]
    },
    {
      "mode": "managed",
      "type": "aws_subnet",
      "name": "public_b",
      "provider": "provider[\"registry.terraform.io/hashicorp/aws\"]",
      "instances": [
        {
          "schema_version": 1,
          "attributes": {
            "arn": "arn:aws:ec2:eu-north-1:909200563752:subnet/subnet-0f819a5e29e5ab33c",
            "assign_ipv6_address_on_creation": false,
            "availability_zone": "eu-north-1b",
            "availability_zone_id": "eun1-az2",
            "cidr_block": "10.10.2.0/24",
            "customer_owned_ipv4_pool": "",
            "enable_dns64": false,
            "enable_lni_at_device_index": 0,
            "enable_resource_name_dns_a_record_on_launch": false,
            "enable_resource_name_dns_aaaa_record_on_launch": false,
            "id": "subnet-0f819a5e29e5ab33c",
            "ipv6_cidr_block": "",
            "ipv6_cidr_block_association_id": "",
            "ipv6_native": false,
            "map_customer_owned_ip_on_launch": false,
            "map_public_ip_on_launch": true,
            "outpost_arn": "",
            "owner_id": "909200563752",
            "private_dns_hostname_type_on_launch": "ip-name",
            "tags": {
              "Name": "golfbeta-public-b",
              "Project": "golfbeta",
              "budget-protect": "true"
            },
            "tags_all": {
              "Name": "golfbeta-public-b",
              "Project": "golfbeta",
              "budget-protect": "true"
            },
            "timeouts": null,
            "vpc_id": "vpc-03e4ed7f283b54596"
          },
          "sensitive_attributes": [],
          "identity_schema_version": 0,
          "private": "eyJlMmJmYjczMC1lY2FhLTExZTYtOGY4OC0zNDM2M2JjN2M0YzAiOnsiY3JlYXRlIjo2MDAwMDAwMDAwMDAsImRlbGV0ZSI6MTIwMDAwMDAwMDAwMH0sInNjaGVtYV92ZXJzaW9uIjoiMSJ9",
          "dependencies": [
            "aws_vpc.main",
            "data.aws_availability_zones.azs"
          ]
        }
      ]
    },
    {
      "mode": "managed",
      "type": "aws_vpc",
      "name": "main",
      "provider": "provider[\"registry.terraform.io/hashicorp/aws\"]",
      "instances": [
        {
          "schema_version": 1,
          "attributes": {
            "arn": "arn:aws:ec2:eu-north-1:909200563752:vpc/vpc-03e4ed7f283b54596",
            "assign_generated_ipv6_cidr_block": false,
            "cidr_block": "10.10.0.0/16",
            "default_network_acl_id": "acl-024da0f8ce402b9de",
            "default_route_table_id": "rtb-0e526f9eedcaa3807",
            "default_security_group_id": "sg-0bd1c98d5b4c25c46",
            "dhcp_options_id": "dopt-07dae460351920c04",
            "enable_dns_hostnames": true,
            "enable_dns_support": true,
            "enable_network_address_usage_metrics": false,
            "id": "vpc-03e4ed7f283b54596",
            "instance_tenancy": "default",
            "ipv4_ipam_pool_id": null,
            "ipv4_netmask_length": null,
            "ipv6_association_id": "",
            "ipv6_cidr_block": "",
            "ipv6_cidr_block_network_border_group": "",
            "ipv6_ipam_pool_id": "",
            "ipv6_netmask_length": 0,
            "main_route_table_id": "rtb-0e526f9eedcaa3807",
            "owner_id": "909200563752",
            "tags": {
              "Name": "golfbeta-vpc",
              "Project": "golfbeta",
              "budget-protect": "true"
            },
            "tags_all": {
              "Name": "golfbeta-vpc",
              "Project": "golfbeta",
              "budget-protect": "true"
            }
          },
          "sensitive_attributes": [],
          "identity_schema_version": 0,
          "private": "eyJzY2hlbWFfdmVyc2lvbiI6IjEifQ=="
        }
      ]
    }
  ],
  "check_results": null
}
